// !$*UTF8*$!
{
	archiveVersion = 1;
	classes = {
	};
	objectVersion = 46;
	objects = {

/* Begin PBXBuildFile section */
		70E1067E1B2BF8D1005ED353 /* AppDelegate.swift in Sources */ = {isa = PBXBuildFile; fileRef = 70E1067D1B2BF8D1005ED353 /* AppDelegate.swift */; };
		70E106981B2BF8D1005ED353 /* Battle_BotsTests.swift in Sources */ = {isa = PBXBuildFile; fileRef = 70E106971B2BF8D1005ED353 /* Battle_BotsTests.swift */; };
		70E106A21B2BF923005ED353 /* Artillery.swift in Sources */ = {isa = PBXBuildFile; fileRef = 70E106A11B2BF923005ED353 /* Artillery.swift */; };
		70E106E51B2BF955005ED353 /* Attack.swift in Sources */ = {isa = PBXBuildFile; fileRef = 70E106A41B2BF954005ED353 /* Attack.swift */; };
		70E106E61B2BF955005ED353 /* Auto.swift in Sources */ = {isa = PBXBuildFile; fileRef = 70E106A51B2BF954005ED353 /* Auto.swift */; };
		70E106E71B2BF955005ED353 /* AutoExplosion.swift in Sources */ = {isa = PBXBuildFile; fileRef = 70E106A61B2BF954005ED353 /* AutoExplosion.swift */; };
		70E106E81B2BF955005ED353 /* Base.lproj in Resources */ = {isa = PBXBuildFile; fileRef = 70E106A71B2BF954005ED353 /* Base.lproj */; };
		70E106E91B2BF955005ED353 /* Boundary.swift in Sources */ = {isa = PBXBuildFile; fileRef = 70E106A81B2BF954005ED353 /* Boundary.swift */; };
		70E106EA1B2BF955005ED353 /* BulletExplosion.swift in Sources */ = {isa = PBXBuildFile; fileRef = 70E106A91B2BF954005ED353 /* BulletExplosion.swift */; };
		70E106EB1B2BF955005ED353 /* BulletGuardTurret.swift in Sources */ = {isa = PBXBuildFile; fileRef = 70E106AA1B2BF954005ED353 /* BulletGuardTurret.swift */; };
		70E106EC1B2BF955005ED353 /* bulletTrail.sks in Resources */ = {isa = PBXBuildFile; fileRef = 70E106AB1B2BF954005ED353 /* bulletTrail.sks */; };
		70E106ED1B2BF955005ED353 /* bulletTrailSmall.sks in Resources */ = {isa = PBXBuildFile; fileRef = 70E106AC1B2BF954005ED353 /* bulletTrailSmall.sks */; };
		70E106EE1B2BF955005ED353 /* Button.swift in Sources */ = {isa = PBXBuildFile; fileRef = 70E106AD1B2BF954005ED353 /* Button.swift */; };
		70E106EF1B2BF955005ED353 /* ChargingStation.swift in Sources */ = {isa = PBXBuildFile; fileRef = 70E106AE1B2BF954005ED353 /* ChargingStation.swift */; };
		70E106F11B2BF955005ED353 /* DamageExplosion.swift in Sources */ = {isa = PBXBuildFile; fileRef = 70E106B01B2BF954005ED353 /* DamageExplosion.swift */; };
		70E106F21B2BF955005ED353 /* DoorTransition.swift in Sources */ = {isa = PBXBuildFile; fileRef = 70E106B11B2BF954005ED353 /* DoorTransition.swift */; };
		70E106F31B2BF955005ED353 /* drillSparks.sks in Resources */ = {isa = PBXBuildFile; fileRef = 70E106B21B2BF954005ED353 /* drillSparks.sks */; };
		70E106F41B2BF955005ED353 /* Explosion.swift in Sources */ = {isa = PBXBuildFile; fileRef = 70E106B31B2BF954005ED353 /* Explosion.swift */; };
		70E106F51B2BF955005ED353 /* explosionAutoFire.sks in Resources */ = {isa = PBXBuildFile; fileRef = 70E106B41B2BF954005ED353 /* explosionAutoFire.sks */; };
		70E106F61B2BF955005ED353 /* explosionAutoSmoke.sks in Resources */ = {isa = PBXBuildFile; fileRef = 70E106B51B2BF954005ED353 /* explosionAutoSmoke.sks */; };
		70E106F71B2BF955005ED353 /* explosionBulletSmoke.sks in Resources */ = {isa = PBXBuildFile; fileRef = 70E106B61B2BF954005ED353 /* explosionBulletSmoke.sks */; };
		70E106F81B2BF955005ED353 /* FSM.swift in Sources */ = {isa = PBXBuildFile; fileRef = 70E106B71B2BF954005ED353 /* FSM.swift */; };
		70E106F91B2BF955005ED353 /* GameScene.swift in Sources */ = {isa = PBXBuildFile; fileRef = 70E106B81B2BF954005ED353 /* GameScene.swift */; };
		70E106FA1B2BF955005ED353 /* GameViewController.swift in Sources */ = {isa = PBXBuildFile; fileRef = 70E106B91B2BF954005ED353 /* GameViewController.swift */; };
		70E106FB1B2BF955005ED353 /* General.swift in Sources */ = {isa = PBXBuildFile; fileRef = 70E106BA1B2BF954005ED353 /* General.swift */; };
		70E106FC1B2BF955005ED353 /* Guard.swift in Sources */ = {isa = PBXBuildFile; fileRef = 70E106BB1B2BF954005ED353 /* Guard.swift */; };
		70E106FD1B2BF955005ED353 /* GuardTurret.swift in Sources */ = {isa = PBXBuildFile; fileRef = 70E106BC1B2BF954005ED353 /* GuardTurret.swift */; };
		70E106FE1B2BF955005ED353 /* Headquarters.swift in Sources */ = {isa = PBXBuildFile; fileRef = 70E106BD1B2BF954005ED353 /* Headquarters.swift */; };
		70E106FF1B2BF955005ED353 /* HealthBar.swift in Sources */ = {isa = PBXBuildFile; fileRef = 70E106BE1B2BF954005ED353 /* HealthBar.swift */; };
		70E107001B2BF955005ED353 /* Images.xcassets in Resources */ = {isa = PBXBuildFile; fileRef = 70E106BF1B2BF954005ED353 /* Images.xcassets */; };
		70E107021B2BF955005ED353 /* LevelSelectScene.sks in Resources */ = {isa = PBXBuildFile; fileRef = 70E106C11B2BF954005ED353 /* LevelSelectScene.sks */; };
		70E107031B2BF955005ED353 /* LevelSelectScene.swift in Sources */ = {isa = PBXBuildFile; fileRef = 70E106C21B2BF955005ED353 /* LevelSelectScene.swift */; };
		70E107041B2BF955005ED353 /* LightArmor.swift in Sources */ = {isa = PBXBuildFile; fileRef = 70E106C31B2BF955005ED353 /* LightArmor.swift */; };
		70E107051B2BF955005ED353 /* MachineGunner.swift in Sources */ = {isa = PBXBuildFile; fileRef = 70E106C41B2BF955005ED353 /* MachineGunner.swift */; };
		70E107061B2BF955005ED353 /* MechanismAspects.swift in Sources */ = {isa = PBXBuildFile; fileRef = 70E106C51B2BF955005ED353 /* MechanismAspects.swift */; };
		70E107071B2BF955005ED353 /* Medic.swift in Sources */ = {isa = PBXBuildFile; fileRef = 70E106C61B2BF955005ED353 /* Medic.swift */; };
		70E107081B2BF955005ED353 /* MenuScene.sks in Resources */ = {isa = PBXBuildFile; fileRef = 70E106C71B2BF955005ED353 /* MenuScene.sks */; };
		70E107091B2BF955005ED353 /* MenuScene.swift in Sources */ = {isa = PBXBuildFile; fileRef = 70E106C81B2BF955005ED353 /* MenuScene.swift */; };
		70E1070A1B2BF955005ED353 /* Miner.swift in Sources */ = {isa = PBXBuildFile; fileRef = 70E106C91B2BF955005ED353 /* Miner.swift */; };
		70E1070B1B2BF955005ED353 /* MoveToHQ.swift in Sources */ = {isa = PBXBuildFile; fileRef = 70E106CA1B2BF955005ED353 /* MoveToHQ.swift */; };
		70E1070C1B2BF955005ED353 /* MoveToKnownEnemy.swift in Sources */ = {isa = PBXBuildFile; fileRef = 70E106CB1B2BF955005ED353 /* MoveToKnownEnemy.swift */; };
		70E1070D1B2BF955005ED353 /* MoveToOreDeposit.swift in Sources */ = {isa = PBXBuildFile; fileRef = 70E106CC1B2BF955005ED353 /* MoveToOreDeposit.swift */; };
		70E1070E1B2BF955005ED353 /* MoveToWeakUnit.swift in Sources */ = {isa = PBXBuildFile; fileRef = 70E106CD1B2BF955005ED353 /* MoveToWeakUnit.swift */; };
		70E1070F1B2BF955005ED353 /* NeedCharge.swift in Sources */ = {isa = PBXBuildFile; fileRef = 70E106CE1B2BF955005ED353 /* NeedCharge.swift */; };
		70E107101B2BF955005ED353 /* NeedRepair.swift in Sources */ = {isa = PBXBuildFile; fileRef = 70E106CF1B2BF955005ED353 /* NeedRepair.swift */; };
		70E107111B2BF955005ED353 /* OreDeposit.swift in Sources */ = {isa = PBXBuildFile; fileRef = 70E106D01B2BF955005ED353 /* OreDeposit.swift */; };
		70E107121B2BF955005ED353 /* Projectile.swift in Sources */ = {isa = PBXBuildFile; fileRef = 70E106D11B2BF955005ED353 /* Projectile.swift */; };
		70E107131B2BF955005ED353 /* Repairing.swift in Sources */ = {isa = PBXBuildFile; fileRef = 70E106D21B2BF955005ED353 /* Repairing.swift */; };
		70E107141B2BF955005ED353 /* RepairStation.swift in Sources */ = {isa = PBXBuildFile; fileRef = 70E106D31B2BF955005ED353 /* RepairStation.swift */; };
		70E107151B2BF955005ED353 /* RepairUnit.swift in Sources */ = {isa = PBXBuildFile; fileRef = 70E106D41B2BF955005ED353 /* RepairUnit.swift */; };
		70E107161B2BF955005ED353 /* Rocket.swift in Sources */ = {isa = PBXBuildFile; fileRef = 70E106D51B2BF955005ED353 /* Rocket.swift */; };
		70E107171B2BF955005ED353 /* RocketExplosion.swift in Sources */ = {isa = PBXBuildFile; fileRef = 70E106D61B2BF955005ED353 /* RocketExplosion.swift */; };
		70E107181B2BF955005ED353 /* ScatterShot.swift in Sources */ = {isa = PBXBuildFile; fileRef = 70E106D71B2BF955005ED353 /* ScatterShot.swift */; };
		70E107191B2BF955005ED353 /* SmallBullet.swift in Sources */ = {isa = PBXBuildFile; fileRef = 70E106D81B2BF955005ED353 /* SmallBullet.swift */; };
		70E1071A1B2BF955005ED353 /* spark.png in Resources */ = {isa = PBXBuildFile; fileRef = 70E106D91B2BF955005ED353 /* spark.png */; };
		70E1071B1B2BF955005ED353 /* State.swift in Sources */ = {isa = PBXBuildFile; fileRef = 70E106DA1B2BF955005ED353 /* State.swift */; };
		70E1071C1B2BF955005ED353 /* Structure.swift in Sources */ = {isa = PBXBuildFile; fileRef = 70E106DB1B2BF955005ED353 /* Structure.swift */; };
		70E1071D1B2BF955005ED353 /* StructureExplosion.swift in Sources */ = {isa = PBXBuildFile; fileRef = 70E106DC1B2BF955005ED353 /* StructureExplosion.swift */; };
		70E1071E1B2BF955005ED353 /* Team.swift in Sources */ = {isa = PBXBuildFile; fileRef = 70E106DD1B2BF955005ED353 /* Team.swift */; };
		70E1071F1B2BF955005ED353 /* TestScene.sks in Resources */ = {isa = PBXBuildFile; fileRef = 70E106DE1B2BF955005ED353 /* TestScene.sks */; };
		70E107201B2BF955005ED353 /* TestScene.swift in Sources */ = {isa = PBXBuildFile; fileRef = 70E106DF1B2BF955005ED353 /* TestScene.swift */; };
		70E107211B2BF955005ED353 /* Tutorial.sks in Resources */ = {isa = PBXBuildFile; fileRef = 70E106E01B2BF955005ED353 /* Tutorial.sks */; };
		70E107221B2BF955005ED353 /* Tutorial.swift in Sources */ = {isa = PBXBuildFile; fileRef = 70E106E11B2BF955005ED353 /* Tutorial.swift */; };
		70E107231B2BF955005ED353 /* Wander.swift in Sources */ = {isa = PBXBuildFile; fileRef = 70E106E21B2BF955005ED353 /* Wander.swift */; };
		70E107241B2BF955005ED353 /* WeaponizedAuto.swift in Sources */ = {isa = PBXBuildFile; fileRef = 70E106E31B2BF955005ED353 /* WeaponizedAuto.swift */; };
		70E107251B2BF955005ED353 /* World.swift in Sources */ = {isa = PBXBuildFile; fileRef = 70E106E41B2BF955005ED353 /* World.swift */; };
		70E107331B2BFB3A005ED353 /* explosionStructureFire.sks in Resources */ = {isa = PBXBuildFile; fileRef = 70E1072C1B2BFB3A005ED353 /* explosionStructureFire.sks */; };
		70E107341B2BFB3A005ED353 /* explosionStructureSmoke.sks in Resources */ = {isa = PBXBuildFile; fileRef = 70E1072D1B2BFB3A005ED353 /* explosionStructureSmoke.sks */; };
		70E107351B2BFB3A005ED353 /* Mechanism.swift in Sources */ = {isa = PBXBuildFile; fileRef = 70E1072E1B2BFB3A005ED353 /* Mechanism.swift */; };
		70E107361B2BFB3A005ED353 /* MediumBullet.swift in Sources */ = {isa = PBXBuildFile; fileRef = 70E1072F1B2BFB3A005ED353 /* MediumBullet.swift */; };
		70E107371B2BFB3A005ED353 /* Recharge.swift in Sources */ = {isa = PBXBuildFile; fileRef = 70E107301B2BFB3A005ED353 /* Recharge.swift */; };
		70E107381B2BFB3A005ED353 /* rocketTrail.sks in Resources */ = {isa = PBXBuildFile; fileRef = 70E107311B2BFB3A005ED353 /* rocketTrail.sks */; };
		70E107391B2BFB3A005ED353 /* Scout.swift in Sources */ = {isa = PBXBuildFile; fileRef = 70E107321B2BFB3A005ED353 /* Scout.swift */; };
		70E107871B2BFF1A005ED353 /* LaunchScreen.xib in Resources */ = {isa = PBXBuildFile; fileRef = 70E107851B2BFF1A005ED353 /* LaunchScreen.xib */; };
		70E107881B2BFF1A005ED353 /* Main.storyboard in Resources */ = {isa = PBXBuildFile; fileRef = 70E107861B2BFF1A005ED353 /* Main.storyboard */; };
/* End PBXBuildFile section */

/* Begin PBXContainerItemProxy section */
		70E106921B2BF8D1005ED353 /* PBXContainerItemProxy */ = {
			isa = PBXContainerItemProxy;
			containerPortal = 70E106701B2BF8D0005ED353 /* Project object */;
			proxyType = 1;
			remoteGlobalIDString = 70E106771B2BF8D1005ED353;
			remoteInfo = "Battle Bots";
		};
/* End PBXContainerItemProxy section */

/* Begin PBXFileReference section */
		70E106781B2BF8D1005ED353 /* Battle Bots.app */ = {isa = PBXFileReference; explicitFileType = wrapper.application; includeInIndex = 0; path = "Battle Bots.app"; sourceTree = BUILT_PRODUCTS_DIR; };
		70E1067C1B2BF8D1005ED353 /* Info.plist */ = {isa = PBXFileReference; lastKnownFileType = text.plist.xml; path = Info.plist; sourceTree = "<group>"; };
		70E1067D1B2BF8D1005ED353 /* AppDelegate.swift */ = {isa = PBXFileReference; lastKnownFileType = sourcecode.swift; path = AppDelegate.swift; sourceTree = "<group>"; };
		70E106911B2BF8D1005ED353 /* Battle BotsTests.xctest */ = {isa = PBXFileReference; explicitFileType = wrapper.cfbundle; includeInIndex = 0; path = "Battle BotsTests.xctest"; sourceTree = BUILT_PRODUCTS_DIR; };
		70E106961B2BF8D1005ED353 /* Info.plist */ = {isa = PBXFileReference; lastKnownFileType = text.plist.xml; path = Info.plist; sourceTree = "<group>"; };
		70E106971B2BF8D1005ED353 /* Battle_BotsTests.swift */ = {isa = PBXFileReference; lastKnownFileType = sourcecode.swift; path = Battle_BotsTests.swift; sourceTree = "<group>"; };
		70E106A11B2BF923005ED353 /* Artillery.swift */ = {isa = PBXFileReference; fileEncoding = 4; lastKnownFileType = sourcecode.swift; name = Artillery.swift; path = "../../Bot Warefare/Bot Warefare/Artillery.swift"; sourceTree = "<group>"; };
		70E106A41B2BF954005ED353 /* Attack.swift */ = {isa = PBXFileReference; fileEncoding = 4; lastKnownFileType = sourcecode.swift; name = Attack.swift; path = "../../Bot Warefare/Bot Warefare/Attack.swift"; sourceTree = "<group>"; };
		70E106A51B2BF954005ED353 /* Auto.swift */ = {isa = PBXFileReference; fileEncoding = 4; lastKnownFileType = sourcecode.swift; name = Auto.swift; path = "../../Bot Warefare/Bot Warefare/Auto.swift"; sourceTree = "<group>"; };
		70E106A61B2BF954005ED353 /* AutoExplosion.swift */ = {isa = PBXFileReference; fileEncoding = 4; lastKnownFileType = sourcecode.swift; name = AutoExplosion.swift; path = "../../Bot Warefare/Bot Warefare/AutoExplosion.swift"; sourceTree = "<group>"; };
		70E106A71B2BF954005ED353 /* Base.lproj */ = {isa = PBXFileReference; lastKnownFileType = folder; name = Base.lproj; path = "../Bot Warefare/Bot Warefare/Base.lproj"; sourceTree = "<group>"; };
		70E106A81B2BF954005ED353 /* Boundary.swift */ = {isa = PBXFileReference; fileEncoding = 4; lastKnownFileType = sourcecode.swift; name = Boundary.swift; path = "../../Bot Warefare/Bot Warefare/Boundary.swift"; sourceTree = "<group>"; };
		70E106A91B2BF954005ED353 /* BulletExplosion.swift */ = {isa = PBXFileReference; fileEncoding = 4; lastKnownFileType = sourcecode.swift; name = BulletExplosion.swift; path = "../../Bot Warefare/Bot Warefare/BulletExplosion.swift"; sourceTree = "<group>"; };
		70E106AA1B2BF954005ED353 /* BulletGuardTurret.swift */ = {isa = PBXFileReference; fileEncoding = 4; lastKnownFileType = sourcecode.swift; name = BulletGuardTurret.swift; path = "../../Bot Warefare/Bot Warefare/BulletGuardTurret.swift"; sourceTree = "<group>"; };
		70E106AB1B2BF954005ED353 /* bulletTrail.sks */ = {isa = PBXFileReference; lastKnownFileType = file.sks; name = bulletTrail.sks; path = "../../Bot Warefare/Bot Warefare/bulletTrail.sks"; sourceTree = "<group>"; };
		70E106AC1B2BF954005ED353 /* bulletTrailSmall.sks */ = {isa = PBXFileReference; lastKnownFileType = file.sks; name = bulletTrailSmall.sks; path = "../../Bot Warefare/Bot Warefare/bulletTrailSmall.sks"; sourceTree = "<group>"; };
		70E106AD1B2BF954005ED353 /* Button.swift */ = {isa = PBXFileReference; fileEncoding = 4; lastKnownFileType = sourcecode.swift; name = Button.swift; path = "../../Bot Warefare/Bot Warefare/Button.swift"; sourceTree = "<group>"; };
		70E106AE1B2BF954005ED353 /* ChargingStation.swift */ = {isa = PBXFileReference; fileEncoding = 4; lastKnownFileType = sourcecode.swift; name = ChargingStation.swift; path = "../../Bot Warefare/Bot Warefare/ChargingStation.swift"; sourceTree = "<group>"; };
		70E106B01B2BF954005ED353 /* DamageExplosion.swift */ = {isa = PBXFileReference; fileEncoding = 4; lastKnownFileType = sourcecode.swift; name = DamageExplosion.swift; path = "../../Bot Warefare/Bot Warefare/DamageExplosion.swift"; sourceTree = "<group>"; };
		70E106B11B2BF954005ED353 /* DoorTransition.swift */ = {isa = PBXFileReference; fileEncoding = 4; lastKnownFileType = sourcecode.swift; name = DoorTransition.swift; path = "../../Bot Warefare/Bot Warefare/DoorTransition.swift"; sourceTree = "<group>"; };
		70E106B21B2BF954005ED353 /* drillSparks.sks */ = {isa = PBXFileReference; lastKnownFileType = file.sks; name = drillSparks.sks; path = "../../Bot Warefare/Bot Warefare/drillSparks.sks"; sourceTree = "<group>"; };
		70E106B31B2BF954005ED353 /* Explosion.swift */ = {isa = PBXFileReference; fileEncoding = 4; lastKnownFileType = sourcecode.swift; name = Explosion.swift; path = "../../Bot Warefare/Bot Warefare/Explosion.swift"; sourceTree = "<group>"; };
		70E106B41B2BF954005ED353 /* explosionAutoFire.sks */ = {isa = PBXFileReference; lastKnownFileType = file.sks; name = explosionAutoFire.sks; path = "../../Bot Warefare/Bot Warefare/explosionAutoFire.sks"; sourceTree = "<group>"; };
		70E106B51B2BF954005ED353 /* explosionAutoSmoke.sks */ = {isa = PBXFileReference; lastKnownFileType = file.sks; name = explosionAutoSmoke.sks; path = "../../Bot Warefare/Bot Warefare/explosionAutoSmoke.sks"; sourceTree = "<group>"; };
		70E106B61B2BF954005ED353 /* explosionBulletSmoke.sks */ = {isa = PBXFileReference; lastKnownFileType = file.sks; name = explosionBulletSmoke.sks; path = "../../Bot Warefare/Bot Warefare/explosionBulletSmoke.sks"; sourceTree = "<group>"; };
		70E106B71B2BF954005ED353 /* FSM.swift */ = {isa = PBXFileReference; fileEncoding = 4; lastKnownFileType = sourcecode.swift; name = FSM.swift; path = "../../Bot Warefare/Bot Warefare/FSM.swift"; sourceTree = "<group>"; };
		70E106B81B2BF954005ED353 /* GameScene.swift */ = {isa = PBXFileReference; fileEncoding = 4; lastKnownFileType = sourcecode.swift; name = GameScene.swift; path = "../../Bot Warefare/Bot Warefare/GameScene.swift"; sourceTree = "<group>"; };
		70E106B91B2BF954005ED353 /* GameViewController.swift */ = {isa = PBXFileReference; fileEncoding = 4; lastKnownFileType = sourcecode.swift; name = GameViewController.swift; path = "../../Bot Warefare/Bot Warefare/GameViewController.swift"; sourceTree = "<group>"; };
		70E106BA1B2BF954005ED353 /* General.swift */ = {isa = PBXFileReference; fileEncoding = 4; lastKnownFileType = sourcecode.swift; name = General.swift; path = "../../Bot Warefare/Bot Warefare/General.swift"; sourceTree = "<group>"; };
		70E106BB1B2BF954005ED353 /* Guard.swift */ = {isa = PBXFileReference; fileEncoding = 4; lastKnownFileType = sourcecode.swift; name = Guard.swift; path = "../../Bot Warefare/Bot Warefare/Guard.swift"; sourceTree = "<group>"; };
		70E106BC1B2BF954005ED353 /* GuardTurret.swift */ = {isa = PBXFileReference; fileEncoding = 4; lastKnownFileType = sourcecode.swift; name = GuardTurret.swift; path = "../../Bot Warefare/Bot Warefare/GuardTurret.swift"; sourceTree = "<group>"; };
		70E106BD1B2BF954005ED353 /* Headquarters.swift */ = {isa = PBXFileReference; fileEncoding = 4; lastKnownFileType = sourcecode.swift; name = Headquarters.swift; path = "../../Bot Warefare/Bot Warefare/Headquarters.swift"; sourceTree = "<group>"; };
		70E106BE1B2BF954005ED353 /* HealthBar.swift */ = {isa = PBXFileReference; fileEncoding = 4; lastKnownFileType = sourcecode.swift; name = HealthBar.swift; path = "../../Bot Warefare/Bot Warefare/HealthBar.swift"; sourceTree = "<group>"; };
		70E106BF1B2BF954005ED353 /* Images.xcassets */ = {isa = PBXFileReference; lastKnownFileType = folder.assetcatalog; name = Images.xcassets; path = "../Bot Warefare/Bot Warefare/Images.xcassets"; sourceTree = "<group>"; };
		70E106C11B2BF954005ED353 /* LevelSelectScene.sks */ = {isa = PBXFileReference; lastKnownFileType = file.sks; name = LevelSelectScene.sks; path = "../../Bot Warefare/Bot Warefare/LevelSelectScene.sks"; sourceTree = "<group>"; };
		70E106C21B2BF955005ED353 /* LevelSelectScene.swift */ = {isa = PBXFileReference; fileEncoding = 4; lastKnownFileType = sourcecode.swift; name = LevelSelectScene.swift; path = "../../Bot Warefare/Bot Warefare/LevelSelectScene.swift"; sourceTree = "<group>"; };
		70E106C31B2BF955005ED353 /* LightArmor.swift */ = {isa = PBXFileReference; fileEncoding = 4; lastKnownFileType = sourcecode.swift; name = LightArmor.swift; path = "../../Bot Warefare/Bot Warefare/LightArmor.swift"; sourceTree = "<group>"; };
		70E106C41B2BF955005ED353 /* MachineGunner.swift */ = {isa = PBXFileReference; fileEncoding = 4; lastKnownFileType = sourcecode.swift; name = MachineGunner.swift; path = "../../Bot Warefare/Bot Warefare/MachineGunner.swift"; sourceTree = "<group>"; };
		70E106C51B2BF955005ED353 /* MechanismAspects.swift */ = {isa = PBXFileReference; fileEncoding = 4; lastKnownFileType = sourcecode.swift; name = MechanismAspects.swift; path = "../../Bot Warefare/Bot Warefare/MechanismAspects.swift"; sourceTree = "<group>"; };
		70E106C61B2BF955005ED353 /* Medic.swift */ = {isa = PBXFileReference; fileEncoding = 4; lastKnownFileType = sourcecode.swift; name = Medic.swift; path = "../../Bot Warefare/Bot Warefare/Medic.swift"; sourceTree = "<group>"; };
		70E106C71B2BF955005ED353 /* MenuScene.sks */ = {isa = PBXFileReference; lastKnownFileType = file.sks; name = MenuScene.sks; path = "../../Bot Warefare/Bot Warefare/MenuScene.sks"; sourceTree = "<group>"; };
		70E106C81B2BF955005ED353 /* MenuScene.swift */ = {isa = PBXFileReference; fileEncoding = 4; lastKnownFileType = sourcecode.swift; name = MenuScene.swift; path = "../../Bot Warefare/Bot Warefare/MenuScene.swift"; sourceTree = "<group>"; };
		70E106C91B2BF955005ED353 /* Miner.swift */ = {isa = PBXFileReference; fileEncoding = 4; lastKnownFileType = sourcecode.swift; name = Miner.swift; path = "../../Bot Warefare/Bot Warefare/Miner.swift"; sourceTree = "<group>"; };
		70E106CA1B2BF955005ED353 /* MoveToHQ.swift */ = {isa = PBXFileReference; fileEncoding = 4; lastKnownFileType = sourcecode.swift; name = MoveToHQ.swift; path = "../../Bot Warefare/Bot Warefare/MoveToHQ.swift"; sourceTree = "<group>"; };
		70E106CB1B2BF955005ED353 /* MoveToKnownEnemy.swift */ = {isa = PBXFileReference; fileEncoding = 4; lastKnownFileType = sourcecode.swift; name = MoveToKnownEnemy.swift; path = "../../Bot Warefare/Bot Warefare/MoveToKnownEnemy.swift"; sourceTree = "<group>"; };
		70E106CC1B2BF955005ED353 /* MoveToOreDeposit.swift */ = {isa = PBXFileReference; fileEncoding = 4; lastKnownFileType = sourcecode.swift; name = MoveToOreDeposit.swift; path = "../../Bot Warefare/Bot Warefare/MoveToOreDeposit.swift"; sourceTree = "<group>"; };
		70E106CD1B2BF955005ED353 /* MoveToWeakUnit.swift */ = {isa = PBXFileReference; fileEncoding = 4; lastKnownFileType = sourcecode.swift; name = MoveToWeakUnit.swift; path = "../../Bot Warefare/Bot Warefare/MoveToWeakUnit.swift"; sourceTree = "<group>"; };
		70E106CE1B2BF955005ED353 /* NeedCharge.swift */ = {isa = PBXFileReference; fileEncoding = 4; lastKnownFileType = sourcecode.swift; name = NeedCharge.swift; path = "../../Bot Warefare/Bot Warefare/NeedCharge.swift"; sourceTree = "<group>"; };
		70E106CF1B2BF955005ED353 /* NeedRepair.swift */ = {isa = PBXFileReference; fileEncoding = 4; lastKnownFileType = sourcecode.swift; name = NeedRepair.swift; path = "../../Bot Warefare/Bot Warefare/NeedRepair.swift"; sourceTree = "<group>"; };
		70E106D01B2BF955005ED353 /* OreDeposit.swift */ = {isa = PBXFileReference; fileEncoding = 4; lastKnownFileType = sourcecode.swift; name = OreDeposit.swift; path = "../../Bot Warefare/Bot Warefare/OreDeposit.swift"; sourceTree = "<group>"; };
		70E106D11B2BF955005ED353 /* Projectile.swift */ = {isa = PBXFileReference; fileEncoding = 4; lastKnownFileType = sourcecode.swift; name = Projectile.swift; path = "../../Bot Warefare/Bot Warefare/Projectile.swift"; sourceTree = "<group>"; };
		70E106D21B2BF955005ED353 /* Repairing.swift */ = {isa = PBXFileReference; fileEncoding = 4; lastKnownFileType = sourcecode.swift; name = Repairing.swift; path = "../../Bot Warefare/Bot Warefare/Repairing.swift"; sourceTree = "<group>"; };
		70E106D31B2BF955005ED353 /* RepairStation.swift */ = {isa = PBXFileReference; fileEncoding = 4; lastKnownFileType = sourcecode.swift; name = RepairStation.swift; path = "../../Bot Warefare/Bot Warefare/RepairStation.swift"; sourceTree = "<group>"; };
		70E106D41B2BF955005ED353 /* RepairUnit.swift */ = {isa = PBXFileReference; fileEncoding = 4; lastKnownFileType = sourcecode.swift; name = RepairUnit.swift; path = "../../Bot Warefare/Bot Warefare/RepairUnit.swift"; sourceTree = "<group>"; };
		70E106D51B2BF955005ED353 /* Rocket.swift */ = {isa = PBXFileReference; fileEncoding = 4; lastKnownFileType = sourcecode.swift; name = Rocket.swift; path = "../../Bot Warefare/Bot Warefare/Rocket.swift"; sourceTree = "<group>"; };
		70E106D61B2BF955005ED353 /* RocketExplosion.swift */ = {isa = PBXFileReference; fileEncoding = 4; lastKnownFileType = sourcecode.swift; name = RocketExplosion.swift; path = "../../Bot Warefare/Bot Warefare/RocketExplosion.swift"; sourceTree = "<group>"; };
		70E106D71B2BF955005ED353 /* ScatterShot.swift */ = {isa = PBXFileReference; fileEncoding = 4; lastKnownFileType = sourcecode.swift; name = ScatterShot.swift; path = "../../Bot Warefare/Bot Warefare/ScatterShot.swift"; sourceTree = "<group>"; };
		70E106D81B2BF955005ED353 /* SmallBullet.swift */ = {isa = PBXFileReference; fileEncoding = 4; lastKnownFileType = sourcecode.swift; name = SmallBullet.swift; path = "../../Bot Warefare/Bot Warefare/SmallBullet.swift"; sourceTree = "<group>"; };
		70E106D91B2BF955005ED353 /* spark.png */ = {isa = PBXFileReference; lastKnownFileType = image.png; name = spark.png; path = "../../Bot Warefare/Bot Warefare/spark.png"; sourceTree = "<group>"; };
		70E106DA1B2BF955005ED353 /* State.swift */ = {isa = PBXFileReference; fileEncoding = 4; lastKnownFileType = sourcecode.swift; name = State.swift; path = "../../Bot Warefare/Bot Warefare/State.swift"; sourceTree = "<group>"; };
		70E106DB1B2BF955005ED353 /* Structure.swift */ = {isa = PBXFileReference; fileEncoding = 4; lastKnownFileType = sourcecode.swift; name = Structure.swift; path = "../../Bot Warefare/Bot Warefare/Structure.swift"; sourceTree = "<group>"; };
		70E106DC1B2BF955005ED353 /* StructureExplosion.swift */ = {isa = PBXFileReference; fileEncoding = 4; lastKnownFileType = sourcecode.swift; name = StructureExplosion.swift; path = "../../Bot Warefare/Bot Warefare/StructureExplosion.swift"; sourceTree = "<group>"; };
		70E106DD1B2BF955005ED353 /* Team.swift */ = {isa = PBXFileReference; fileEncoding = 4; lastKnownFileType = sourcecode.swift; name = Team.swift; path = "../../Bot Warefare/Bot Warefare/Team.swift"; sourceTree = "<group>"; };
		70E106DE1B2BF955005ED353 /* TestScene.sks */ = {isa = PBXFileReference; lastKnownFileType = file.sks; name = TestScene.sks; path = "../../Bot Warefare/Bot Warefare/TestScene.sks"; sourceTree = "<group>"; };
		70E106DF1B2BF955005ED353 /* TestScene.swift */ = {isa = PBXFileReference; fileEncoding = 4; lastKnownFileType = sourcecode.swift; name = TestScene.swift; path = "../../Bot Warefare/Bot Warefare/TestScene.swift"; sourceTree = "<group>"; };
		70E106E01B2BF955005ED353 /* Tutorial.sks */ = {isa = PBXFileReference; lastKnownFileType = file.sks; name = Tutorial.sks; path = "../../Bot Warefare/Bot Warefare/Tutorial.sks"; sourceTree = "<group>"; };
		70E106E11B2BF955005ED353 /* Tutorial.swift */ = {isa = PBXFileReference; fileEncoding = 4; lastKnownFileType = sourcecode.swift; name = Tutorial.swift; path = "../../Bot Warefare/Bot Warefare/Tutorial.swift"; sourceTree = "<group>"; };
		70E106E21B2BF955005ED353 /* Wander.swift */ = {isa = PBXFileReference; fileEncoding = 4; lastKnownFileType = sourcecode.swift; name = Wander.swift; path = "../../Bot Warefare/Bot Warefare/Wander.swift"; sourceTree = "<group>"; };
		70E106E31B2BF955005ED353 /* WeaponizedAuto.swift */ = {isa = PBXFileReference; fileEncoding = 4; lastKnownFileType = sourcecode.swift; name = WeaponizedAuto.swift; path = "../../Bot Warefare/Bot Warefare/WeaponizedAuto.swift"; sourceTree = "<group>"; };
		70E106E41B2BF955005ED353 /* World.swift */ = {isa = PBXFileReference; fileEncoding = 4; lastKnownFileType = sourcecode.swift; name = World.swift; path = "../../Bot Warefare/Bot Warefare/World.swift"; sourceTree = "<group>"; };
		70E1072C1B2BFB3A005ED353 /* explosionStructureFire.sks */ = {isa = PBXFileReference; lastKnownFileType = file.sks; name = explosionStructureFire.sks; path = "../../Bot Warefare/explosionStructureFire.sks"; sourceTree = "<group>"; };
		70E1072D1B2BFB3A005ED353 /* explosionStructureSmoke.sks */ = {isa = PBXFileReference; lastKnownFileType = file.sks; name = explosionStructureSmoke.sks; path = "../../Bot Warefare/explosionStructureSmoke.sks"; sourceTree = "<group>"; };
		70E1072E1B2BFB3A005ED353 /* Mechanism.swift */ = {isa = PBXFileReference; fileEncoding = 4; lastKnownFileType = sourcecode.swift; name = Mechanism.swift; path = "../../Bot Warefare/Mechanism.swift"; sourceTree = "<group>"; };
		70E1072F1B2BFB3A005ED353 /* MediumBullet.swift */ = {isa = PBXFileReference; fileEncoding = 4; lastKnownFileType = sourcecode.swift; name = MediumBullet.swift; path = "../../Bot Warefare/MediumBullet.swift"; sourceTree = "<group>"; };
		70E107301B2BFB3A005ED353 /* Recharge.swift */ = {isa = PBXFileReference; fileEncoding = 4; lastKnownFileType = sourcecode.swift; name = Recharge.swift; path = "../../Bot Warefare/Recharge.swift"; sourceTree = "<group>"; };
		70E107311B2BFB3A005ED353 /* rocketTrail.sks */ = {isa = PBXFileReference; lastKnownFileType = file.sks; name = rocketTrail.sks; path = "../../Bot Warefare/rocketTrail.sks"; sourceTree = "<group>"; };
		70E107321B2BFB3A005ED353 /* Scout.swift */ = {isa = PBXFileReference; fileEncoding = 4; lastKnownFileType = sourcecode.swift; name = Scout.swift; path = "../../Bot Warefare/Scout.swift"; sourceTree = "<group>"; };
		70E107851B2BFF1A005ED353 /* LaunchScreen.xib */ = {isa = PBXFileReference; fileEncoding = 4; lastKnownFileType = file.xib; name = LaunchScreen.xib; path = "../../Bot Warefare/Bot Warefare/Base.lproj/Battle Bots/LaunchScreen.xib"; sourceTree = "<group>"; };
		70E107861B2BFF1A005ED353 /* Main.storyboard */ = {isa = PBXFileReference; fileEncoding = 4; lastKnownFileType = file.storyboard; name = Main.storyboard; path = "../../Bot Warefare/Bot Warefare/Base.lproj/Battle Bots/Main.storyboard"; sourceTree = "<group>"; };
/* End PBXFileReference section */

/* Begin PBXFrameworksBuildPhase section */
		70E106751B2BF8D1005ED353 /* Frameworks */ = {
			isa = PBXFrameworksBuildPhase;
			buildActionMask = 2147483647;
			files = (
			);
			runOnlyForDeploymentPostprocessing = 0;
		};
		70E1068E1B2BF8D1005ED353 /* Frameworks */ = {
			isa = PBXFrameworksBuildPhase;
			buildActionMask = 2147483647;
			files = (
			);
			runOnlyForDeploymentPostprocessing = 0;
		};
/* End PBXFrameworksBuildPhase section */

/* Begin PBXGroup section */
		70E1066F1B2BF8D0005ED353 = {
			isa = PBXGroup;
			children = (
				70E1067A1B2BF8D1005ED353 /* Battle Bots */,
				70E106BF1B2BF954005ED353 /* Images.xcassets */,
				70E106941B2BF8D1005ED353 /* Battle BotsTests */,
				70E106791B2BF8D1005ED353 /* Products */,
				70E106A71B2BF954005ED353 /* Base.lproj */,
			);
			sourceTree = "<group>";
		};
		70E106791B2BF8D1005ED353 /* Products */ = {
			isa = PBXGroup;
			children = (
				70E106781B2BF8D1005ED353 /* Battle Bots.app */,
				70E106911B2BF8D1005ED353 /* Battle BotsTests.xctest */,
			);
			name = Products;
			sourceTree = "<group>";
		};
		70E1067A1B2BF8D1005ED353 /* Battle Bots */ = {
			isa = PBXGroup;
			children = (
				70E1067D1B2BF8D1005ED353 /* AppDelegate.swift */,
				70E106B91B2BF954005ED353 /* GameViewController.swift */,
				70E106E41B2BF955005ED353 /* World.swift */,
				70E106D01B2BF955005ED353 /* OreDeposit.swift */,
				70E106DD1B2BF955005ED353 /* Team.swift */,
				70E106A81B2BF954005ED353 /* Boundary.swift */,
				70E106BA1B2BF954005ED353 /* General.swift */,
				70E106BE1B2BF954005ED353 /* HealthBar.swift */,
				70E107421B2BFC8D005ED353 /* UI */,
				70E107281B2BFA46005ED353 /* Mechanisms */,
				70E107271B2BFA27005ED353 /* AI */,
				70E1073A1B2BFB8A005ED353 /* Projectiles */,
				70E1072A1B2BFA78005ED353 /* Explosions */,
				70E1072B1B2BFA8D005ED353 /* ParticleFiles */,
				70E1073C1B2BFBED005ED353 /* Scenes */,
				70E107851B2BFF1A005ED353 /* LaunchScreen.xib */,
				70E107861B2BFF1A005ED353 /* Main.storyboard */,
				70E1067B1B2BF8D1005ED353 /* Supporting Files */,
			);
			path = "Battle Bots";
			sourceTree = "<group>";
		};
		70E1067B1B2BF8D1005ED353 /* Supporting Files */ = {
			isa = PBXGroup;
			children = (
				70E1067C1B2BF8D1005ED353 /* Info.plist */,
			);
			name = "Supporting Files";
			sourceTree = "<group>";
		};
		70E106941B2BF8D1005ED353 /* Battle BotsTests */ = {
			isa = PBXGroup;
			children = (
				70E106971B2BF8D1005ED353 /* Battle_BotsTests.swift */,
				70E106951B2BF8D1005ED353 /* Supporting Files */,
			);
			path = "Battle BotsTests";
			sourceTree = "<group>";
		};
		70E106951B2BF8D1005ED353 /* Supporting Files */ = {
			isa = PBXGroup;
			children = (
				70E106961B2BF8D1005ED353 /* Info.plist */,
			);
			name = "Supporting Files";
			sourceTree = "<group>";
		};
		70E107261B2BF9C6005ED353 /* States */ = {
			isa = PBXGroup;
			children = (
				70E107301B2BFB3A005ED353 /* Recharge.swift */,
				70E106DA1B2BF955005ED353 /* State.swift */,
				70E106A41B2BF954005ED353 /* Attack.swift */,
				70E106BB1B2BF954005ED353 /* Guard.swift */,
				70E106CA1B2BF955005ED353 /* MoveToHQ.swift */,
				70E106CB1B2BF955005ED353 /* MoveToKnownEnemy.swift */,
				70E106CC1B2BF955005ED353 /* MoveToOreDeposit.swift */,
				70E106CD1B2BF955005ED353 /* MoveToWeakUnit.swift */,
				70E106CE1B2BF955005ED353 /* NeedCharge.swift */,
				70E106CF1B2BF955005ED353 /* NeedRepair.swift */,
				70E106D21B2BF955005ED353 /* Repairing.swift */,
				70E106D41B2BF955005ED353 /* RepairUnit.swift */,
				70E106E21B2BF955005ED353 /* Wander.swift */,
			);
			name = States;
			path = "../Battle Bots";
			sourceTree = "<group>";
		};
		70E107271B2BFA27005ED353 /* AI */ = {
			isa = PBXGroup;
			children = (
				70E106B71B2BF954005ED353 /* FSM.swift */,
				70E107261B2BF9C6005ED353 /* States */,
			);
			name = AI;
			path = "Battle Bots.xcodeproj";
			sourceTree = SOURCE_ROOT;
		};
		70E107281B2BFA46005ED353 /* Mechanisms */ = {
			isa = PBXGroup;
			children = (
				70E1072E1B2BFB3A005ED353 /* Mechanism.swift */,
				70E106C51B2BF955005ED353 /* MechanismAspects.swift */,
				70E1073B1B2BFBCD005ED353 /* Structures */,
				70E107291B2BFA65005ED353 /* Autos */,
			);
			name = Mechanisms;
			path = "Battle Bots.xcodeproj";
			sourceTree = SOURCE_ROOT;
		};
		70E107291B2BFA65005ED353 /* Autos */ = {
			isa = PBXGroup;
			children = (
				70E106E31B2BF955005ED353 /* WeaponizedAuto.swift */,
				70E106A51B2BF954005ED353 /* Auto.swift */,
				70E107321B2BFB3A005ED353 /* Scout.swift */,
				70E106A11B2BF923005ED353 /* Artillery.swift */,
				70E106C31B2BF955005ED353 /* LightArmor.swift */,
				70E106C41B2BF955005ED353 /* MachineGunner.swift */,
				70E106C61B2BF955005ED353 /* Medic.swift */,
				70E106C91B2BF955005ED353 /* Miner.swift */,
				70E106D71B2BF955005ED353 /* ScatterShot.swift */,
			);
			name = Autos;
			sourceTree = "<group>";
		};
		70E1072A1B2BFA78005ED353 /* Explosions */ = {
			isa = PBXGroup;
			children = (
				70E106B01B2BF954005ED353 /* DamageExplosion.swift */,
				70E106A91B2BF954005ED353 /* BulletExplosion.swift */,
				70E106B31B2BF954005ED353 /* Explosion.swift */,
				70E106A61B2BF954005ED353 /* AutoExplosion.swift */,
				70E106D61B2BF955005ED353 /* RocketExplosion.swift */,
				70E106DC1B2BF955005ED353 /* StructureExplosion.swift */,
			);
			name = Explosions;
			sourceTree = "<group>";
		};
		70E1072B1B2BFA8D005ED353 /* ParticleFiles */ = {
			isa = PBXGroup;
			children = (
				70E107311B2BFB3A005ED353 /* rocketTrail.sks */,
				70E1072C1B2BFB3A005ED353 /* explosionStructureFire.sks */,
				70E1072D1B2BFB3A005ED353 /* explosionStructureSmoke.sks */,
				70E106AB1B2BF954005ED353 /* bulletTrail.sks */,
				70E106AC1B2BF954005ED353 /* bulletTrailSmall.sks */,
				70E106B21B2BF954005ED353 /* drillSparks.sks */,
				70E106B41B2BF954005ED353 /* explosionAutoFire.sks */,
				70E106B51B2BF954005ED353 /* explosionAutoSmoke.sks */,
				70E106B61B2BF954005ED353 /* explosionBulletSmoke.sks */,
				70E106D91B2BF955005ED353 /* spark.png */,
			);
			name = ParticleFiles;
			sourceTree = "<group>";
		};
		70E1073A1B2BFB8A005ED353 /* Projectiles */ = {
			isa = PBXGroup;
			children = (
				70E106D81B2BF955005ED353 /* SmallBullet.swift */,
				70E1072F1B2BFB3A005ED353 /* MediumBullet.swift */,
				70E106D51B2BF955005ED353 /* Rocket.swift */,
				70E106D11B2BF955005ED353 /* Projectile.swift */,
			);
			name = Projectiles;
			sourceTree = "<group>";
		};
		70E1073B1B2BFBCD005ED353 /* Structures */ = {
			isa = PBXGroup;
			children = (
				70E106BC1B2BF954005ED353 /* GuardTurret.swift */,
				70E106AA1B2BF954005ED353 /* BulletGuardTurret.swift */,
				70E106AE1B2BF954005ED353 /* ChargingStation.swift */,
				70E106BD1B2BF954005ED353 /* Headquarters.swift */,
				70E106D31B2BF955005ED353 /* RepairStation.swift */,
				70E106DB1B2BF955005ED353 /* Structure.swift */,
			);
			name = Structures;
			sourceTree = "<group>";
		};
		70E1073C1B2BFBED005ED353 /* Scenes */ = {
			isa = PBXGroup;
			children = (
				70E106B81B2BF954005ED353 /* GameScene.swift */,
				70E106C21B2BF955005ED353 /* LevelSelectScene.swift */,
				70E106C81B2BF955005ED353 /* MenuScene.swift */,
				70E106DF1B2BF955005ED353 /* TestScene.swift */,
				70E106E11B2BF955005ED353 /* Tutorial.swift */,
				70E1073D1B2BFBFD005ED353 /* SKS Files */,
			);
			name = Scenes;
			sourceTree = "<group>";
		};
		70E1073D1B2BFBFD005ED353 /* SKS Files */ = {
			isa = PBXGroup;
			children = (
				70E106C11B2BF954005ED353 /* LevelSelectScene.sks */,
				70E106C71B2BF955005ED353 /* MenuScene.sks */,
				70E106DE1B2BF955005ED353 /* TestScene.sks */,
				70E106E01B2BF955005ED353 /* Tutorial.sks */,
			);
			name = "SKS Files";
			sourceTree = "<group>";
		};
		70E107421B2BFC8D005ED353 /* UI */ = {
			isa = PBXGroup;
			children = (
				70E106B11B2BF954005ED353 /* DoorTransition.swift */,
				70E106AD1B2BF954005ED353 /* Button.swift */,
			);
			name = UI;
			sourceTree = "<group>";
		};
/* End PBXGroup section */

/* Begin PBXNativeTarget section */
		70E106771B2BF8D1005ED353 /* Battle Bots */ = {
			isa = PBXNativeTarget;
			buildConfigurationList = 70E1069B1B2BF8D1005ED353 /* Build configuration list for PBXNativeTarget "Battle Bots" */;
			buildPhases = (
				70E106741B2BF8D1005ED353 /* Sources */,
				70E106751B2BF8D1005ED353 /* Frameworks */,
				70E106761B2BF8D1005ED353 /* Resources */,
			);
			buildRules = (
			);
			dependencies = (
			);
			name = "Battle Bots";
			productName = "Battle Bots";
			productReference = 70E106781B2BF8D1005ED353 /* Battle Bots.app */;
			productType = "com.apple.product-type.application";
		};
		70E106901B2BF8D1005ED353 /* Battle BotsTests */ = {
			isa = PBXNativeTarget;
			buildConfigurationList = 70E1069E1B2BF8D1005ED353 /* Build configuration list for PBXNativeTarget "Battle BotsTests" */;
			buildPhases = (
				70E1068D1B2BF8D1005ED353 /* Sources */,
				70E1068E1B2BF8D1005ED353 /* Frameworks */,
				70E1068F1B2BF8D1005ED353 /* Resources */,
			);
			buildRules = (
			);
			dependencies = (
				70E106931B2BF8D1005ED353 /* PBXTargetDependency */,
			);
			name = "Battle BotsTests";
			productName = "Battle BotsTests";
			productReference = 70E106911B2BF8D1005ED353 /* Battle BotsTests.xctest */;
			productType = "com.apple.product-type.bundle.unit-test";
		};
/* End PBXNativeTarget section */

/* Begin PBXProject section */
		70E106701B2BF8D0005ED353 /* Project object */ = {
			isa = PBXProject;
			attributes = {
				LastUpgradeCheck = 0630;
				ORGANIZATIONNAME = "Alec Shedelbower";
				TargetAttributes = {
					70E106771B2BF8D1005ED353 = {
						CreatedOnToolsVersion = 6.3.2;
					};
					70E106901B2BF8D1005ED353 = {
						CreatedOnToolsVersion = 6.3.2;
						TestTargetID = 70E106771B2BF8D1005ED353;
					};
				};
			};
			buildConfigurationList = 70E106731B2BF8D0005ED353 /* Build configuration list for PBXProject "Battle Bots" */;
			compatibilityVersion = "Xcode 3.2";
			developmentRegion = English;
			hasScannedForEncodings = 0;
			knownRegions = (
				en,
				Base,
			);
			mainGroup = 70E1066F1B2BF8D0005ED353;
			productRefGroup = 70E106791B2BF8D1005ED353 /* Products */;
			projectDirPath = "";
			projectRoot = "";
			targets = (
				70E106771B2BF8D1005ED353 /* Battle Bots */,
				70E106901B2BF8D1005ED353 /* Battle BotsTests */,
			);
		};
/* End PBXProject section */

/* Begin PBXResourcesBuildPhase section */
		70E106761B2BF8D1005ED353 /* Resources */ = {
			isa = PBXResourcesBuildPhase;
			buildActionMask = 2147483647;
			files = (
				70E106F31B2BF955005ED353 /* drillSparks.sks in Resources */,
				70E106F61B2BF955005ED353 /* explosionAutoSmoke.sks in Resources */,
				70E107211B2BF955005ED353 /* Tutorial.sks in Resources */,
				70E107871B2BFF1A005ED353 /* LaunchScreen.xib in Resources */,
				70E107021B2BF955005ED353 /* LevelSelectScene.sks in Resources */,
				70E106F51B2BF955005ED353 /* explosionAutoFire.sks in Resources */,
				70E106E81B2BF955005ED353 /* Base.lproj in Resources */,
				70E106EC1B2BF955005ED353 /* bulletTrail.sks in Resources */,
				70E1071F1B2BF955005ED353 /* TestScene.sks in Resources */,
				70E107331B2BFB3A005ED353 /* explosionStructureFire.sks in Resources */,
				70E107001B2BF955005ED353 /* Images.xcassets in Resources */,
				70E106ED1B2BF955005ED353 /* bulletTrailSmall.sks in Resources */,
				70E107341B2BFB3A005ED353 /* explosionStructureSmoke.sks in Resources */,
				70E106F71B2BF955005ED353 /* explosionBulletSmoke.sks in Resources */,
				70E1071A1B2BF955005ED353 /* spark.png in Resources */,
				70E107881B2BFF1A005ED353 /* Main.storyboard in Resources */,
				70E107381B2BFB3A005ED353 /* rocketTrail.sks in Resources */,
				70E107081B2BF955005ED353 /* MenuScene.sks in Resources */,
			);
			runOnlyForDeploymentPostprocessing = 0;
		};
		70E1068F1B2BF8D1005ED353 /* Resources */ = {
			isa = PBXResourcesBuildPhase;
			buildActionMask = 2147483647;
			files = (
			);
			runOnlyForDeploymentPostprocessing = 0;
		};
/* End PBXResourcesBuildPhase section */

/* Begin PBXSourcesBuildPhase section */
		70E106741B2BF8D1005ED353 /* Sources */ = {
			isa = PBXSourcesBuildPhase;
			buildActionMask = 2147483647;
			files = (
				70E1070C1B2BF955005ED353 /* MoveToKnownEnemy.swift in Sources */,
				70E107151B2BF955005ED353 /* RepairUnit.swift in Sources */,
				70E106F81B2BF955005ED353 /* FSM.swift in Sources */,
				70E107121B2BF955005ED353 /* Projectile.swift in Sources */,
				70E1070E1B2BF955005ED353 /* MoveToWeakUnit.swift in Sources */,
				70E106EB1B2BF955005ED353 /* BulletGuardTurret.swift in Sources */,
				70E107361B2BFB3A005ED353 /* MediumBullet.swift in Sources */,
				70E107031B2BF955005ED353 /* LevelSelectScene.swift in Sources */,
				70E107201B2BF955005ED353 /* TestScene.swift in Sources */,
				70E1070D1B2BF955005ED353 /* MoveToOreDeposit.swift in Sources */,
				70E1071C1B2BF955005ED353 /* Structure.swift in Sources */,
				70E107181B2BF955005ED353 /* ScatterShot.swift in Sources */,
				70E107391B2BFB3A005ED353 /* Scout.swift in Sources */,
				70E107161B2BF955005ED353 /* Rocket.swift in Sources */,
				70E1071B1B2BF955005ED353 /* State.swift in Sources */,
				70E107051B2BF955005ED353 /* MachineGunner.swift in Sources */,
				70E106E61B2BF955005ED353 /* Auto.swift in Sources */,
				70E106A21B2BF923005ED353 /* Artillery.swift in Sources */,
				70E1071D1B2BF955005ED353 /* StructureExplosion.swift in Sources */,
				70E107061B2BF955005ED353 /* MechanismAspects.swift in Sources */,
				70E106EF1B2BF955005ED353 /* ChargingStation.swift in Sources */,
				70E106FA1B2BF955005ED353 /* GameViewController.swift in Sources */,
				70E107111B2BF955005ED353 /* OreDeposit.swift in Sources */,
				70E106E51B2BF955005ED353 /* Attack.swift in Sources */,
				70E106E91B2BF955005ED353 /* Boundary.swift in Sources */,
				70E107171B2BF955005ED353 /* RocketExplosion.swift in Sources */,
				70E107131B2BF955005ED353 /* Repairing.swift in Sources */,
				70E1067E1B2BF8D1005ED353 /* AppDelegate.swift in Sources */,
				70E107251B2BF955005ED353 /* World.swift in Sources */,
				70E106F11B2BF955005ED353 /* DamageExplosion.swift in Sources */,
				70E106FF1B2BF955005ED353 /* HealthBar.swift in Sources */,
				70E106F91B2BF955005ED353 /* GameScene.swift in Sources */,
				70E107141B2BF955005ED353 /* RepairStation.swift in Sources */,
				70E107041B2BF955005ED353 /* LightArmor.swift in Sources */,
				70E107231B2BF955005ED353 /* Wander.swift in Sources */,
				70E106FC1B2BF955005ED353 /* Guard.swift in Sources */,
				70E107191B2BF955005ED353 /* SmallBullet.swift in Sources */,
				70E107371B2BFB3A005ED353 /* Recharge.swift in Sources */,
				70E107351B2BFB3A005ED353 /* Mechanism.swift in Sources */,
				70E106FB1B2BF955005ED353 /* General.swift in Sources */,
				70E107071B2BF955005ED353 /* Medic.swift in Sources */,
				70E107101B2BF955005ED353 /* NeedRepair.swift in Sources */,
				70E1071E1B2BF955005ED353 /* Team.swift in Sources */,
				70E106F41B2BF955005ED353 /* Explosion.swift in Sources */,
				70E106FE1B2BF955005ED353 /* Headquarters.swift in Sources */,
				70E106E71B2BF955005ED353 /* AutoExplosion.swift in Sources */,
				70E106EA1B2BF955005ED353 /* BulletExplosion.swift in Sources */,
				70E1070A1B2BF955005ED353 /* Miner.swift in Sources */,
				70E107221B2BF955005ED353 /* Tutorial.swift in Sources */,
				70E106EE1B2BF955005ED353 /* Button.swift in Sources */,
				70E107241B2BF955005ED353 /* WeaponizedAuto.swift in Sources */,
				70E1070B1B2BF955005ED353 /* MoveToHQ.swift in Sources */,
				70E107091B2BF955005ED353 /* MenuScene.swift in Sources */,
				70E1070F1B2BF955005ED353 /* NeedCharge.swift in Sources */,
				70E106F21B2BF955005ED353 /* DoorTransition.swift in Sources */,
				70E106FD1B2BF955005ED353 /* GuardTurret.swift in Sources */,
			);
			runOnlyForDeploymentPostprocessing = 0;
		};
		70E1068D1B2BF8D1005ED353 /* Sources */ = {
			isa = PBXSourcesBuildPhase;
			buildActionMask = 2147483647;
			files = (
				70E106981B2BF8D1005ED353 /* Battle_BotsTests.swift in Sources */,
			);
			runOnlyForDeploymentPostprocessing = 0;
		};
/* End PBXSourcesBuildPhase section */

/* Begin PBXTargetDependency section */
		70E106931B2BF8D1005ED353 /* PBXTargetDependency */ = {
			isa = PBXTargetDependency;
			target = 70E106771B2BF8D1005ED353 /* Battle Bots */;
			targetProxy = 70E106921B2BF8D1005ED353 /* PBXContainerItemProxy */;
		};
/* End PBXTargetDependency section */

/* Begin XCBuildConfiguration section */
		70E106991B2BF8D1005ED353 /* Debug */ = {
			isa = XCBuildConfiguration;
			buildSettings = {
				ALWAYS_SEARCH_USER_PATHS = NO;
				CLANG_CXX_LANGUAGE_STANDARD = "gnu++0x";
				CLANG_CXX_LIBRARY = "libc++";
				CLANG_ENABLE_MODULES = YES;
				CLANG_ENABLE_OBJC_ARC = YES;
				CLANG_WARN_BOOL_CONVERSION = YES;
				CLANG_WARN_CONSTANT_CONVERSION = YES;
				CLANG_WARN_DIRECT_OBJC_ISA_USAGE = YES_ERROR;
				CLANG_WARN_EMPTY_BODY = YES;
				CLANG_WARN_ENUM_CONVERSION = YES;
				CLANG_WARN_INT_CONVERSION = YES;
				CLANG_WARN_OBJC_ROOT_CLASS = YES_ERROR;
				CLANG_WARN_UNREACHABLE_CODE = YES;
				CLANG_WARN__DUPLICATE_METHOD_MATCH = YES;
				"CODE_SIGN_IDENTITY[sdk=iphoneos*]" = "iPhone Developer";
				COPY_PHASE_STRIP = NO;
				DEBUG_INFORMATION_FORMAT = "dwarf-with-dsym";
				ENABLE_STRICT_OBJC_MSGSEND = YES;
				GCC_C_LANGUAGE_STANDARD = gnu99;
				GCC_DYNAMIC_NO_PIC = NO;
				GCC_NO_COMMON_BLOCKS = YES;
				GCC_OPTIMIZATION_LEVEL = 0;
				GCC_PREPROCESSOR_DEFINITIONS = (
					"DEBUG=1",
					"$(inherited)",
				);
				GCC_SYMBOLS_PRIVATE_EXTERN = NO;
				GCC_WARN_64_TO_32_BIT_CONVERSION = YES;
				GCC_WARN_ABOUT_RETURN_TYPE = YES_ERROR;
				GCC_WARN_UNDECLARED_SELECTOR = YES;
				GCC_WARN_UNINITIALIZED_AUTOS = YES_AGGRESSIVE;
				GCC_WARN_UNUSED_FUNCTION = YES;
				GCC_WARN_UNUSED_VARIABLE = YES;
				IPHONEOS_DEPLOYMENT_TARGET = 8.3;
				MTL_ENABLE_DEBUG_INFO = YES;
				ONLY_ACTIVE_ARCH = YES;
				SDKROOT = iphoneos;
				SWIFT_OPTIMIZATION_LEVEL = "-Onone";
			};
			name = Debug;
		};
		70E1069A1B2BF8D1005ED353 /* Release */ = {
			isa = XCBuildConfiguration;
			buildSettings = {
				ALWAYS_SEARCH_USER_PATHS = NO;
				CLANG_CXX_LANGUAGE_STANDARD = "gnu++0x";
				CLANG_CXX_LIBRARY = "libc++";
				CLANG_ENABLE_MODULES = YES;
				CLANG_ENABLE_OBJC_ARC = YES;
				CLANG_WARN_BOOL_CONVERSION = YES;
				CLANG_WARN_CONSTANT_CONVERSION = YES;
				CLANG_WARN_DIRECT_OBJC_ISA_USAGE = YES_ERROR;
				CLANG_WARN_EMPTY_BODY = YES;
				CLANG_WARN_ENUM_CONVERSION = YES;
				CLANG_WARN_INT_CONVERSION = YES;
				CLANG_WARN_OBJC_ROOT_CLASS = YES_ERROR;
				CLANG_WARN_UNREACHABLE_CODE = YES;
				CLANG_WARN__DUPLICATE_METHOD_MATCH = YES;
				"CODE_SIGN_IDENTITY[sdk=iphoneos*]" = "iPhone Developer";
				COPY_PHASE_STRIP = NO;
				DEBUG_INFORMATION_FORMAT = "dwarf-with-dsym";
				ENABLE_NS_ASSERTIONS = NO;
				ENABLE_STRICT_OBJC_MSGSEND = YES;
				GCC_C_LANGUAGE_STANDARD = gnu99;
				GCC_NO_COMMON_BLOCKS = YES;
				GCC_WARN_64_TO_32_BIT_CONVERSION = YES;
				GCC_WARN_ABOUT_RETURN_TYPE = YES_ERROR;
				GCC_WARN_UNDECLARED_SELECTOR = YES;
				GCC_WARN_UNINITIALIZED_AUTOS = YES_AGGRESSIVE;
				GCC_WARN_UNUSED_FUNCTION = YES;
				GCC_WARN_UNUSED_VARIABLE = YES;
				IPHONEOS_DEPLOYMENT_TARGET = 8.3;
				MTL_ENABLE_DEBUG_INFO = NO;
				SDKROOT = iphoneos;
				VALIDATE_PRODUCT = YES;
			};
			name = Release;
		};
		70E1069C1B2BF8D1005ED353 /* Debug */ = {
			isa = XCBuildConfiguration;
			buildSettings = {
				ASSETCATALOG_COMPILER_APPICON_NAME = AppIcon;
				INFOPLIST_FILE = "Battle Bots/Info.plist";
				LD_RUNPATH_SEARCH_PATHS = "$(inherited) @executable_path/Frameworks";
				PRODUCT_NAME = "$(TARGET_NAME)";
			};
			name = Debug;
		};
		70E1069D1B2BF8D1005ED353 /* Release */ = {
			isa = XCBuildConfiguration;
			buildSettings = {
				ASSETCATALOG_COMPILER_APPICON_NAME = AppIcon;
				INFOPLIST_FILE = "Battle Bots/Info.plist";
				LD_RUNPATH_SEARCH_PATHS = "$(inherited) @executable_path/Frameworks";
				PRODUCT_NAME = "$(TARGET_NAME)";
			};
			name = Release;
		};
		70E1069F1B2BF8D1005ED353 /* Debug */ = {
			isa = XCBuildConfiguration;
			buildSettings = {
				BUNDLE_LOADER = "$(TEST_HOST)";
				FRAMEWORK_SEARCH_PATHS = (
					"$(SDKROOT)/Developer/Library/Frameworks",
					"$(inherited)",
				);
				GCC_PREPROCESSOR_DEFINITIONS = (
					"DEBUG=1",
					"$(inherited)",
				);
				INFOPLIST_FILE = "Battle BotsTests/Info.plist";
				LD_RUNPATH_SEARCH_PATHS = "$(inherited) @executable_path/Frameworks @loader_path/Frameworks";
				PRODUCT_NAME = "$(TARGET_NAME)";
				TEST_HOST = "$(BUILT_PRODUCTS_DIR)/Battle Bots.app/Battle Bots";
			};
			name = Debug;
		};
		70E106A01B2BF8D1005ED353 /* Release */ = {
			isa = XCBuildConfiguration;
			buildSettings = {
				BUNDLE_LOADER = "$(TEST_HOST)";
				FRAMEWORK_SEARCH_PATHS = (
					"$(SDKROOT)/Developer/Library/Frameworks",
					"$(inherited)",
				);
				INFOPLIST_FILE = "Battle BotsTests/Info.plist";
				LD_RUNPATH_SEARCH_PATHS = "$(inherited) @executable_path/Frameworks @loader_path/Frameworks";
				PRODUCT_NAME = "$(TARGET_NAME)";
				TEST_HOST = "$(BUILT_PRODUCTS_DIR)/Battle Bots.app/Battle Bots";
			};
			name = Release;
		};
/* End XCBuildConfiguration section */

/* Begin XCConfigurationList section */
		70E106731B2BF8D0005ED353 /* Build configuration list for PBXProject "Battle Bots" */ = {
			isa = XCConfigurationList;
			buildConfigurations = (
				70E106991B2BF8D1005ED353 /* Debug */,
				70E1069A1B2BF8D1005ED353 /* Release */,
			);
			defaultConfigurationIsVisible = 0;
			defaultConfigurationName = Release;
		};
		70E1069B1B2BF8D1005ED353 /* Build configuration list for PBXNativeTarget "Battle Bots" */ = {
			isa = XCConfigurationList;
			buildConfigurations = (
				70E1069C1B2BF8D1005ED353 /* Debug */,
				70E1069D1B2BF8D1005ED353 /* Release */,
			);
			defaultConfigurationIsVisible = 0;
		};
		70E1069E1B2BF8D1005ED353 /* Build configuration list for PBXNativeTarget "Battle BotsTests" */ = {
			isa = XCConfigurationList;
			buildConfigurations = (
				70E1069F1B2BF8D1005ED353 /* Debug */,
				70E106A01B2BF8D1005ED353 /* Release */,
			);
			defaultConfigurationIsVisible = 0;
		};
/* End XCConfigurationList section */
	};
	rootObject = 70E106701B2BF8D0005ED353 /* Project object */;
}
