// !$*UTF8*$!
{
	archiveVersion = 1;
	classes = {
	};
	objectVersion = 46;
	objects = {

/* Begin PBXBuildFile section */
		701EBDF21B2D46ED003D5796 /* MineOre.swift in Sources */ = {isa = PBXBuildFile; fileRef = 701EBDF11B2D46ED003D5796 /* MineOre.swift */; };
		701EBDF41B2D6135003D5796 /* MoveToDeliverOre.swift in Sources */ = {isa = PBXBuildFile; fileRef = 701EBDF31B2D6135003D5796 /* MoveToDeliverOre.swift */; };
		701EBDF61B2D63DD003D5796 /* DeliverOre.swift in Sources */ = {isa = PBXBuildFile; fileRef = 701EBDF51B2D63DD003D5796 /* DeliverOre.swift */; };
		701EBDF81B2D9581003D5796 /* BuildAutos.swift in Sources */ = {isa = PBXBuildFile; fileRef = 701EBDF71B2D9581003D5796 /* BuildAutos.swift */; };
		701EBDFB1B2E3A9A003D5796 /* Engineer.swift in Sources */ = {isa = PBXBuildFile; fileRef = 701EBDFA1B2E3A9A003D5796 /* Engineer.swift */; };
		70E106981B2BF8D1005ED353 /* Battle_BotsTests.swift in Sources */ = {isa = PBXBuildFile; fileRef = 70E106971B2BF8D1005ED353 /* Battle_BotsTests.swift */; };
		70E107CF1B2C05C0005ED353 /* Artillery.swift in Sources */ = {isa = PBXBuildFile; fileRef = 70E1078F1B2C05C0005ED353 /* Artillery.swift */; };
		70E107D01B2C05C0005ED353 /* Attack.swift in Sources */ = {isa = PBXBuildFile; fileRef = 70E107901B2C05C0005ED353 /* Attack.swift */; };
		70E107D11B2C05C0005ED353 /* Auto.swift in Sources */ = {isa = PBXBuildFile; fileRef = 70E107911B2C05C0005ED353 /* Auto.swift */; };
		70E107D21B2C05C0005ED353 /* AutoExplosion.swift in Sources */ = {isa = PBXBuildFile; fileRef = 70E107921B2C05C0005ED353 /* AutoExplosion.swift */; };
		70E107D31B2C05C0005ED353 /* Base.lproj in Resources */ = {isa = PBXBuildFile; fileRef = 70E107931B2C05C0005ED353 /* Base.lproj */; };
		70E107D41B2C05C0005ED353 /* Boundary.swift in Sources */ = {isa = PBXBuildFile; fileRef = 70E107941B2C05C0005ED353 /* Boundary.swift */; };
		70E107D51B2C05C0005ED353 /* BulletExplosion.swift in Sources */ = {isa = PBXBuildFile; fileRef = 70E107951B2C05C0005ED353 /* BulletExplosion.swift */; };
		70E107D61B2C05C0005ED353 /* BulletGuardTurret.swift in Sources */ = {isa = PBXBuildFile; fileRef = 70E107961B2C05C0005ED353 /* BulletGuardTurret.swift */; };
		70E107D71B2C05C0005ED353 /* bulletTrail.sks in Resources */ = {isa = PBXBuildFile; fileRef = 70E107971B2C05C0005ED353 /* bulletTrail.sks */; };
		70E107D81B2C05C0005ED353 /* bulletTrailSmall.sks in Resources */ = {isa = PBXBuildFile; fileRef = 70E107981B2C05C0005ED353 /* bulletTrailSmall.sks */; };
		70E107D91B2C05C0005ED353 /* Button.swift in Sources */ = {isa = PBXBuildFile; fileRef = 70E107991B2C05C0005ED353 /* Button.swift */; };
		70E107DA1B2C05C0005ED353 /* ChargingStation.swift in Sources */ = {isa = PBXBuildFile; fileRef = 70E1079A1B2C05C0005ED353 /* ChargingStation.swift */; };
		70E107DB1B2C05C0005ED353 /* DamageExplosion.swift in Sources */ = {isa = PBXBuildFile; fileRef = 70E1079B1B2C05C0005ED353 /* DamageExplosion.swift */; };
		70E107DC1B2C05C0005ED353 /* DoorTransition.swift in Sources */ = {isa = PBXBuildFile; fileRef = 70E1079C1B2C05C0005ED353 /* DoorTransition.swift */; };
		70E107DD1B2C05C0005ED353 /* drillSparks.sks in Resources */ = {isa = PBXBuildFile; fileRef = 70E1079D1B2C05C0005ED353 /* drillSparks.sks */; };
		70E107DE1B2C05C0005ED353 /* Explosion.swift in Sources */ = {isa = PBXBuildFile; fileRef = 70E1079E1B2C05C0005ED353 /* Explosion.swift */; };
		70E107DF1B2C05C0005ED353 /* explosionAutoFire.sks in Resources */ = {isa = PBXBuildFile; fileRef = 70E1079F1B2C05C0005ED353 /* explosionAutoFire.sks */; };
		70E107E01B2C05C0005ED353 /* explosionAutoSmoke.sks in Resources */ = {isa = PBXBuildFile; fileRef = 70E107A01B2C05C0005ED353 /* explosionAutoSmoke.sks */; };
		70E107E11B2C05C0005ED353 /* explosionBulletSmoke.sks in Resources */ = {isa = PBXBuildFile; fileRef = 70E107A11B2C05C0005ED353 /* explosionBulletSmoke.sks */; };
		70E107E21B2C05C0005ED353 /* FSM.swift in Sources */ = {isa = PBXBuildFile; fileRef = 70E107A21B2C05C0005ED353 /* FSM.swift */; };
		70E107E31B2C05C0005ED353 /* GameScene.swift in Sources */ = {isa = PBXBuildFile; fileRef = 70E107A31B2C05C0005ED353 /* GameScene.swift */; };
		70E107E41B2C05C0005ED353 /* GameViewController.swift in Sources */ = {isa = PBXBuildFile; fileRef = 70E107A41B2C05C0005ED353 /* GameViewController.swift */; };
		70E107E51B2C05C0005ED353 /* General.swift in Sources */ = {isa = PBXBuildFile; fileRef = 70E107A51B2C05C0005ED353 /* General.swift */; };
		70E107E61B2C05C0005ED353 /* Guard.swift in Sources */ = {isa = PBXBuildFile; fileRef = 70E107A61B2C05C0005ED353 /* Guard.swift */; };
		70E107E71B2C05C0005ED353 /* GuardTurret.swift in Sources */ = {isa = PBXBuildFile; fileRef = 70E107A71B2C05C0005ED353 /* GuardTurret.swift */; };
		70E107E81B2C05C0005ED353 /* Headquarters.swift in Sources */ = {isa = PBXBuildFile; fileRef = 70E107A81B2C05C0005ED353 /* Headquarters.swift */; };
		70E107E91B2C05C0005ED353 /* HealthBar.swift in Sources */ = {isa = PBXBuildFile; fileRef = 70E107A91B2C05C0005ED353 /* HealthBar.swift */; };
		70E107EA1B2C05C0005ED353 /* Images.xcassets in Resources */ = {isa = PBXBuildFile; fileRef = 70E107AA1B2C05C0005ED353 /* Images.xcassets */; };
		70E107EB1B2C05C0005ED353 /* LevelSelectScene.sks in Resources */ = {isa = PBXBuildFile; fileRef = 70E107AB1B2C05C0005ED353 /* LevelSelectScene.sks */; };
		70E107EC1B2C05C0005ED353 /* LevelSelectScene.swift in Sources */ = {isa = PBXBuildFile; fileRef = 70E107AC1B2C05C0005ED353 /* LevelSelectScene.swift */; };
		70E107ED1B2C05C0005ED353 /* LightArmor.swift in Sources */ = {isa = PBXBuildFile; fileRef = 70E107AD1B2C05C0005ED353 /* LightArmor.swift */; };
		70E107EE1B2C05C0005ED353 /* MachineGunner.swift in Sources */ = {isa = PBXBuildFile; fileRef = 70E107AE1B2C05C0005ED353 /* MachineGunner.swift */; };
		70E107EF1B2C05C0005ED353 /* MechanismAspects.swift in Sources */ = {isa = PBXBuildFile; fileRef = 70E107AF1B2C05C0005ED353 /* MechanismAspects.swift */; };
		70E107F01B2C05C0005ED353 /* Medic.swift in Sources */ = {isa = PBXBuildFile; fileRef = 70E107B01B2C05C0005ED353 /* Medic.swift */; };
		70E107F11B2C05C0005ED353 /* MenuScene.sks in Resources */ = {isa = PBXBuildFile; fileRef = 70E107B11B2C05C0005ED353 /* MenuScene.sks */; };
		70E107F21B2C05C0005ED353 /* MenuScene.swift in Sources */ = {isa = PBXBuildFile; fileRef = 70E107B21B2C05C0005ED353 /* MenuScene.swift */; };
		70E107F31B2C05C0005ED353 /* Miner.swift in Sources */ = {isa = PBXBuildFile; fileRef = 70E107B31B2C05C0005ED353 /* Miner.swift */; };
		70E107F41B2C05C0005ED353 /* MoveToHQ.swift in Sources */ = {isa = PBXBuildFile; fileRef = 70E107B41B2C05C0005ED353 /* MoveToHQ.swift */; };
		70E107F51B2C05C0005ED353 /* MoveToKnownEnemy.swift in Sources */ = {isa = PBXBuildFile; fileRef = 70E107B51B2C05C0005ED353 /* MoveToKnownEnemy.swift */; };
		70E107F61B2C05C0005ED353 /* MoveToOreDeposit.swift in Sources */ = {isa = PBXBuildFile; fileRef = 70E107B61B2C05C0005ED353 /* MoveToOreDeposit.swift */; };
		70E107F71B2C05C0005ED353 /* MoveToWeakUnit.swift in Sources */ = {isa = PBXBuildFile; fileRef = 70E107B71B2C05C0005ED353 /* MoveToWeakUnit.swift */; };
		70E107F81B2C05C0005ED353 /* NeedCharge.swift in Sources */ = {isa = PBXBuildFile; fileRef = 70E107B81B2C05C0005ED353 /* NeedCharge.swift */; };
		70E107F91B2C05C0005ED353 /* NeedRepair.swift in Sources */ = {isa = PBXBuildFile; fileRef = 70E107B91B2C05C0005ED353 /* NeedRepair.swift */; };
		70E107FA1B2C05C0005ED353 /* OreDeposit.swift in Sources */ = {isa = PBXBuildFile; fileRef = 70E107BA1B2C05C0005ED353 /* OreDeposit.swift */; };
		70E107FB1B2C05C0005ED353 /* Projectile.swift in Sources */ = {isa = PBXBuildFile; fileRef = 70E107BB1B2C05C0005ED353 /* Projectile.swift */; };
		70E107FC1B2C05C0005ED353 /* Repairing.swift in Sources */ = {isa = PBXBuildFile; fileRef = 70E107BC1B2C05C0005ED353 /* Repairing.swift */; };
		70E107FD1B2C05C0005ED353 /* RepairStation.swift in Sources */ = {isa = PBXBuildFile; fileRef = 70E107BD1B2C05C0005ED353 /* RepairStation.swift */; };
		70E107FE1B2C05C0005ED353 /* RepairUnit.swift in Sources */ = {isa = PBXBuildFile; fileRef = 70E107BE1B2C05C0005ED353 /* RepairUnit.swift */; };
		70E107FF1B2C05C0005ED353 /* Rocket.swift in Sources */ = {isa = PBXBuildFile; fileRef = 70E107BF1B2C05C0005ED353 /* Rocket.swift */; };
		70E108001B2C05C0005ED353 /* RocketExplosion.swift in Sources */ = {isa = PBXBuildFile; fileRef = 70E107C01B2C05C0005ED353 /* RocketExplosion.swift */; };
		70E108011B2C05C0005ED353 /* ScatterShot.swift in Sources */ = {isa = PBXBuildFile; fileRef = 70E107C11B2C05C0005ED353 /* ScatterShot.swift */; };
		70E108021B2C05C0005ED353 /* SmallBullet.swift in Sources */ = {isa = PBXBuildFile; fileRef = 70E107C21B2C05C0005ED353 /* SmallBullet.swift */; };
		70E108031B2C05C0005ED353 /* spark.png in Resources */ = {isa = PBXBuildFile; fileRef = 70E107C31B2C05C0005ED353 /* spark.png */; };
		70E108041B2C05C0005ED353 /* State.swift in Sources */ = {isa = PBXBuildFile; fileRef = 70E107C41B2C05C0005ED353 /* State.swift */; };
		70E108051B2C05C0005ED353 /* Structure.swift in Sources */ = {isa = PBXBuildFile; fileRef = 70E107C51B2C05C0005ED353 /* Structure.swift */; };
		70E108061B2C05C0005ED353 /* StructureExplosion.swift in Sources */ = {isa = PBXBuildFile; fileRef = 70E107C61B2C05C0005ED353 /* StructureExplosion.swift */; };
		70E108071B2C05C0005ED353 /* Team.swift in Sources */ = {isa = PBXBuildFile; fileRef = 70E107C71B2C05C0005ED353 /* Team.swift */; };
		70E108081B2C05C0005ED353 /* TestScene.sks in Resources */ = {isa = PBXBuildFile; fileRef = 70E107C81B2C05C0005ED353 /* TestScene.sks */; };
		70E108091B2C05C0005ED353 /* TestScene.swift in Sources */ = {isa = PBXBuildFile; fileRef = 70E107C91B2C05C0005ED353 /* TestScene.swift */; };
		70E1080A1B2C05C0005ED353 /* Tutorial.sks in Resources */ = {isa = PBXBuildFile; fileRef = 70E107CA1B2C05C0005ED353 /* Tutorial.sks */; };
		70E1080B1B2C05C0005ED353 /* Tutorial.swift in Sources */ = {isa = PBXBuildFile; fileRef = 70E107CB1B2C05C0005ED353 /* Tutorial.swift */; };
		70E1080C1B2C05C0005ED353 /* Wander.swift in Sources */ = {isa = PBXBuildFile; fileRef = 70E107CC1B2C05C0005ED353 /* Wander.swift */; };
		70E1080D1B2C05C0005ED353 /* WeaponizedAuto.swift in Sources */ = {isa = PBXBuildFile; fileRef = 70E107CD1B2C05C0005ED353 /* WeaponizedAuto.swift */; };
		70E1080E1B2C05C0005ED353 /* World.swift in Sources */ = {isa = PBXBuildFile; fileRef = 70E107CE1B2C05C0005ED353 /* World.swift */; };
		70E108161B2C05CE005ED353 /* explosionStructureFire.sks in Resources */ = {isa = PBXBuildFile; fileRef = 70E1080F1B2C05CE005ED353 /* explosionStructureFire.sks */; };
		70E108171B2C05CE005ED353 /* explosionStructureSmoke.sks in Resources */ = {isa = PBXBuildFile; fileRef = 70E108101B2C05CE005ED353 /* explosionStructureSmoke.sks */; };
		70E108181B2C05CE005ED353 /* Mechanism.swift in Sources */ = {isa = PBXBuildFile; fileRef = 70E108111B2C05CE005ED353 /* Mechanism.swift */; };
		70E108191B2C05CE005ED353 /* MediumBullet.swift in Sources */ = {isa = PBXBuildFile; fileRef = 70E108121B2C05CE005ED353 /* MediumBullet.swift */; };
		70E1081A1B2C05CE005ED353 /* Recharge.swift in Sources */ = {isa = PBXBuildFile; fileRef = 70E108131B2C05CE005ED353 /* Recharge.swift */; };
		70E1081B1B2C05CE005ED353 /* rocketTrail.sks in Resources */ = {isa = PBXBuildFile; fileRef = 70E108141B2C05CE005ED353 /* rocketTrail.sks */; };
		70E1081C1B2C05CE005ED353 /* Scout.swift in Sources */ = {isa = PBXBuildFile; fileRef = 70E108151B2C05CE005ED353 /* Scout.swift */; };
		70E108621B2C08D8005ED353 /* Main.storyboard in Resources */ = {isa = PBXBuildFile; fileRef = 70E108601B2C08D8005ED353 /* Main.storyboard */; };
		70E108631B2C08D8005ED353 /* LaunchScreen.xib in Resources */ = {isa = PBXBuildFile; fileRef = 70E108611B2C08D8005ED353 /* LaunchScreen.xib */; };
		70E108651B2C0906005ED353 /* Default-568h@2x.png in Resources */ = {isa = PBXBuildFile; fileRef = 70E108641B2C0906005ED353 /* Default-568h@2x.png */; };
		70E108671B2C0A27005ED353 /* AppDelegate.swift in Sources */ = {isa = PBXBuildFile; fileRef = 70E108661B2C0A27005ED353 /* AppDelegate.swift */; };
/* End PBXBuildFile section */

/* Begin PBXContainerItemProxy section */
		70E106921B2BF8D1005ED353 /* PBXContainerItemProxy */ = {
			isa = PBXContainerItemProxy;
			containerPortal = 70E106701B2BF8D0005ED353 /* Project object */;
			proxyType = 1;
			remoteGlobalIDString = 70E106771B2BF8D1005ED353;
			remoteInfo = "Battle Bots";
		};
/* End PBXContainerItemProxy section */

/* Begin PBXFileReference section */
		701EBDF11B2D46ED003D5796 /* MineOre.swift */ = {isa = PBXFileReference; fileEncoding = 4; lastKnownFileType = sourcecode.swift; path = MineOre.swift; sourceTree = "<group>"; };
		701EBDF31B2D6135003D5796 /* MoveToDeliverOre.swift */ = {isa = PBXFileReference; fileEncoding = 4; lastKnownFileType = sourcecode.swift; path = MoveToDeliverOre.swift; sourceTree = "<group>"; };
		701EBDF51B2D63DD003D5796 /* DeliverOre.swift */ = {isa = PBXFileReference; fileEncoding = 4; lastKnownFileType = sourcecode.swift; path = DeliverOre.swift; sourceTree = "<group>"; };
		701EBDF71B2D9581003D5796 /* BuildAutos.swift */ = {isa = PBXFileReference; fileEncoding = 4; lastKnownFileType = sourcecode.swift; path = BuildAutos.swift; sourceTree = "<group>"; };
		701EBDFA1B2E3A9A003D5796 /* Engineer.swift */ = {isa = PBXFileReference; fileEncoding = 4; lastKnownFileType = sourcecode.swift; path = Engineer.swift; sourceTree = "<group>"; };
		70E106781B2BF8D1005ED353 /* Battle Bots.app */ = {isa = PBXFileReference; explicitFileType = wrapper.application; includeInIndex = 0; path = "Battle Bots.app"; sourceTree = BUILT_PRODUCTS_DIR; };
		70E106911B2BF8D1005ED353 /* Battle BotsTests.xctest */ = {isa = PBXFileReference; explicitFileType = wrapper.cfbundle; includeInIndex = 0; path = "Battle BotsTests.xctest"; sourceTree = BUILT_PRODUCTS_DIR; };
		70E106961B2BF8D1005ED353 /* Info.plist */ = {isa = PBXFileReference; lastKnownFileType = text.plist.xml; path = Info.plist; sourceTree = "<group>"; };
		70E106971B2BF8D1005ED353 /* Battle_BotsTests.swift */ = {isa = PBXFileReference; lastKnownFileType = sourcecode.swift; path = Battle_BotsTests.swift; sourceTree = "<group>"; };
		70E1078F1B2C05C0005ED353 /* Artillery.swift */ = {isa = PBXFileReference; fileEncoding = 4; lastKnownFileType = sourcecode.swift; path = Artillery.swift; sourceTree = "<group>"; };
		70E107901B2C05C0005ED353 /* Attack.swift */ = {isa = PBXFileReference; fileEncoding = 4; lastKnownFileType = sourcecode.swift; path = Attack.swift; sourceTree = "<group>"; };
		70E107911B2C05C0005ED353 /* Auto.swift */ = {isa = PBXFileReference; fileEncoding = 4; lastKnownFileType = sourcecode.swift; path = Auto.swift; sourceTree = "<group>"; };
		70E107921B2C05C0005ED353 /* AutoExplosion.swift */ = {isa = PBXFileReference; fileEncoding = 4; lastKnownFileType = sourcecode.swift; path = AutoExplosion.swift; sourceTree = "<group>"; };
		70E107931B2C05C0005ED353 /* Base.lproj */ = {isa = PBXFileReference; lastKnownFileType = folder; path = Base.lproj; sourceTree = "<group>"; };
		70E107941B2C05C0005ED353 /* Boundary.swift */ = {isa = PBXFileReference; fileEncoding = 4; lastKnownFileType = sourcecode.swift; path = Boundary.swift; sourceTree = "<group>"; };
		70E107951B2C05C0005ED353 /* BulletExplosion.swift */ = {isa = PBXFileReference; fileEncoding = 4; lastKnownFileType = sourcecode.swift; path = BulletExplosion.swift; sourceTree = "<group>"; };
		70E107961B2C05C0005ED353 /* BulletGuardTurret.swift */ = {isa = PBXFileReference; fileEncoding = 4; lastKnownFileType = sourcecode.swift; path = BulletGuardTurret.swift; sourceTree = "<group>"; };
		70E107971B2C05C0005ED353 /* bulletTrail.sks */ = {isa = PBXFileReference; lastKnownFileType = file.sks; path = bulletTrail.sks; sourceTree = "<group>"; };
		70E107981B2C05C0005ED353 /* bulletTrailSmall.sks */ = {isa = PBXFileReference; lastKnownFileType = file.sks; path = bulletTrailSmall.sks; sourceTree = "<group>"; };
		70E107991B2C05C0005ED353 /* Button.swift */ = {isa = PBXFileReference; fileEncoding = 4; lastKnownFileType = sourcecode.swift; path = Button.swift; sourceTree = "<group>"; };
		70E1079A1B2C05C0005ED353 /* ChargingStation.swift */ = {isa = PBXFileReference; fileEncoding = 4; lastKnownFileType = sourcecode.swift; path = ChargingStation.swift; sourceTree = "<group>"; };
		70E1079B1B2C05C0005ED353 /* DamageExplosion.swift */ = {isa = PBXFileReference; fileEncoding = 4; lastKnownFileType = sourcecode.swift; path = DamageExplosion.swift; sourceTree = "<group>"; };
		70E1079C1B2C05C0005ED353 /* DoorTransition.swift */ = {isa = PBXFileReference; fileEncoding = 4; lastKnownFileType = sourcecode.swift; path = DoorTransition.swift; sourceTree = "<group>"; };
		70E1079D1B2C05C0005ED353 /* drillSparks.sks */ = {isa = PBXFileReference; lastKnownFileType = file.sks; path = drillSparks.sks; sourceTree = "<group>"; };
		70E1079E1B2C05C0005ED353 /* Explosion.swift */ = {isa = PBXFileReference; fileEncoding = 4; lastKnownFileType = sourcecode.swift; path = Explosion.swift; sourceTree = "<group>"; };
		70E1079F1B2C05C0005ED353 /* explosionAutoFire.sks */ = {isa = PBXFileReference; lastKnownFileType = file.sks; path = explosionAutoFire.sks; sourceTree = "<group>"; };
		70E107A01B2C05C0005ED353 /* explosionAutoSmoke.sks */ = {isa = PBXFileReference; lastKnownFileType = file.sks; path = explosionAutoSmoke.sks; sourceTree = "<group>"; };
		70E107A11B2C05C0005ED353 /* explosionBulletSmoke.sks */ = {isa = PBXFileReference; lastKnownFileType = file.sks; path = explosionBulletSmoke.sks; sourceTree = "<group>"; };
		70E107A21B2C05C0005ED353 /* FSM.swift */ = {isa = PBXFileReference; fileEncoding = 4; lastKnownFileType = sourcecode.swift; path = FSM.swift; sourceTree = "<group>"; };
		70E107A31B2C05C0005ED353 /* GameScene.swift */ = {isa = PBXFileReference; fileEncoding = 4; lastKnownFileType = sourcecode.swift; path = GameScene.swift; sourceTree = "<group>"; };
		70E107A41B2C05C0005ED353 /* GameViewController.swift */ = {isa = PBXFileReference; fileEncoding = 4; lastKnownFileType = sourcecode.swift; path = GameViewController.swift; sourceTree = "<group>"; };
		70E107A51B2C05C0005ED353 /* General.swift */ = {isa = PBXFileReference; fileEncoding = 4; lastKnownFileType = sourcecode.swift; path = General.swift; sourceTree = "<group>"; };
		70E107A61B2C05C0005ED353 /* Guard.swift */ = {isa = PBXFileReference; fileEncoding = 4; lastKnownFileType = sourcecode.swift; path = Guard.swift; sourceTree = "<group>"; };
		70E107A71B2C05C0005ED353 /* GuardTurret.swift */ = {isa = PBXFileReference; fileEncoding = 4; lastKnownFileType = sourcecode.swift; path = GuardTurret.swift; sourceTree = "<group>"; };
		70E107A81B2C05C0005ED353 /* Headquarters.swift */ = {isa = PBXFileReference; fileEncoding = 4; lastKnownFileType = sourcecode.swift; path = Headquarters.swift; sourceTree = "<group>"; };
		70E107A91B2C05C0005ED353 /* HealthBar.swift */ = {isa = PBXFileReference; fileEncoding = 4; lastKnownFileType = sourcecode.swift; path = HealthBar.swift; sourceTree = "<group>"; };
		70E107AA1B2C05C0005ED353 /* Images.xcassets */ = {isa = PBXFileReference; lastKnownFileType = folder.assetcatalog; path = Images.xcassets; sourceTree = "<group>"; };
		70E107AB1B2C05C0005ED353 /* LevelSelectScene.sks */ = {isa = PBXFileReference; lastKnownFileType = file.sks; path = LevelSelectScene.sks; sourceTree = "<group>"; };
		70E107AC1B2C05C0005ED353 /* LevelSelectScene.swift */ = {isa = PBXFileReference; fileEncoding = 4; lastKnownFileType = sourcecode.swift; path = LevelSelectScene.swift; sourceTree = "<group>"; };
		70E107AD1B2C05C0005ED353 /* LightArmor.swift */ = {isa = PBXFileReference; fileEncoding = 4; lastKnownFileType = sourcecode.swift; path = LightArmor.swift; sourceTree = "<group>"; };
		70E107AE1B2C05C0005ED353 /* MachineGunner.swift */ = {isa = PBXFileReference; fileEncoding = 4; lastKnownFileType = sourcecode.swift; path = MachineGunner.swift; sourceTree = "<group>"; };
		70E107AF1B2C05C0005ED353 /* MechanismAspects.swift */ = {isa = PBXFileReference; fileEncoding = 4; lastKnownFileType = sourcecode.swift; path = MechanismAspects.swift; sourceTree = "<group>"; };
		70E107B01B2C05C0005ED353 /* Medic.swift */ = {isa = PBXFileReference; fileEncoding = 4; lastKnownFileType = sourcecode.swift; path = Medic.swift; sourceTree = "<group>"; };
		70E107B11B2C05C0005ED353 /* MenuScene.sks */ = {isa = PBXFileReference; lastKnownFileType = file.sks; path = MenuScene.sks; sourceTree = "<group>"; };
		70E107B21B2C05C0005ED353 /* MenuScene.swift */ = {isa = PBXFileReference; fileEncoding = 4; lastKnownFileType = sourcecode.swift; path = MenuScene.swift; sourceTree = "<group>"; };
		70E107B31B2C05C0005ED353 /* Miner.swift */ = {isa = PBXFileReference; fileEncoding = 4; lastKnownFileType = sourcecode.swift; path = Miner.swift; sourceTree = "<group>"; };
		70E107B41B2C05C0005ED353 /* MoveToHQ.swift */ = {isa = PBXFileReference; fileEncoding = 4; lastKnownFileType = sourcecode.swift; path = MoveToHQ.swift; sourceTree = "<group>"; };
		70E107B51B2C05C0005ED353 /* MoveToKnownEnemy.swift */ = {isa = PBXFileReference; fileEncoding = 4; lastKnownFileType = sourcecode.swift; path = MoveToKnownEnemy.swift; sourceTree = "<group>"; };
		70E107B61B2C05C0005ED353 /* MoveToOreDeposit.swift */ = {isa = PBXFileReference; fileEncoding = 4; lastKnownFileType = sourcecode.swift; path = MoveToOreDeposit.swift; sourceTree = "<group>"; };
		70E107B71B2C05C0005ED353 /* MoveToWeakUnit.swift */ = {isa = PBXFileReference; fileEncoding = 4; lastKnownFileType = sourcecode.swift; path = MoveToWeakUnit.swift; sourceTree = "<group>"; };
		70E107B81B2C05C0005ED353 /* NeedCharge.swift */ = {isa = PBXFileReference; fileEncoding = 4; lastKnownFileType = sourcecode.swift; path = NeedCharge.swift; sourceTree = "<group>"; };
		70E107B91B2C05C0005ED353 /* NeedRepair.swift */ = {isa = PBXFileReference; fileEncoding = 4; lastKnownFileType = sourcecode.swift; path = NeedRepair.swift; sourceTree = "<group>"; };
		70E107BA1B2C05C0005ED353 /* OreDeposit.swift */ = {isa = PBXFileReference; fileEncoding = 4; lastKnownFileType = sourcecode.swift; path = OreDeposit.swift; sourceTree = "<group>"; };
		70E107BB1B2C05C0005ED353 /* Projectile.swift */ = {isa = PBXFileReference; fileEncoding = 4; lastKnownFileType = sourcecode.swift; path = Projectile.swift; sourceTree = "<group>"; };
		70E107BC1B2C05C0005ED353 /* Repairing.swift */ = {isa = PBXFileReference; fileEncoding = 4; lastKnownFileType = sourcecode.swift; path = Repairing.swift; sourceTree = "<group>"; };
		70E107BD1B2C05C0005ED353 /* RepairStation.swift */ = {isa = PBXFileReference; fileEncoding = 4; lastKnownFileType = sourcecode.swift; path = RepairStation.swift; sourceTree = "<group>"; };
		70E107BE1B2C05C0005ED353 /* RepairUnit.swift */ = {isa = PBXFileReference; fileEncoding = 4; lastKnownFileType = sourcecode.swift; path = RepairUnit.swift; sourceTree = "<group>"; };
		70E107BF1B2C05C0005ED353 /* Rocket.swift */ = {isa = PBXFileReference; fileEncoding = 4; lastKnownFileType = sourcecode.swift; path = Rocket.swift; sourceTree = "<group>"; };
		70E107C01B2C05C0005ED353 /* RocketExplosion.swift */ = {isa = PBXFileReference; fileEncoding = 4; lastKnownFileType = sourcecode.swift; path = RocketExplosion.swift; sourceTree = "<group>"; };
		70E107C11B2C05C0005ED353 /* ScatterShot.swift */ = {isa = PBXFileReference; fileEncoding = 4; lastKnownFileType = sourcecode.swift; path = ScatterShot.swift; sourceTree = "<group>"; };
		70E107C21B2C05C0005ED353 /* SmallBullet.swift */ = {isa = PBXFileReference; fileEncoding = 4; lastKnownFileType = sourcecode.swift; path = SmallBullet.swift; sourceTree = "<group>"; };
		70E107C31B2C05C0005ED353 /* spark.png */ = {isa = PBXFileReference; lastKnownFileType = image.png; path = spark.png; sourceTree = "<group>"; };
		70E107C41B2C05C0005ED353 /* State.swift */ = {isa = PBXFileReference; fileEncoding = 4; lastKnownFileType = sourcecode.swift; path = State.swift; sourceTree = "<group>"; };
		70E107C51B2C05C0005ED353 /* Structure.swift */ = {isa = PBXFileReference; fileEncoding = 4; lastKnownFileType = sourcecode.swift; path = Structure.swift; sourceTree = "<group>"; };
		70E107C61B2C05C0005ED353 /* StructureExplosion.swift */ = {isa = PBXFileReference; fileEncoding = 4; lastKnownFileType = sourcecode.swift; path = StructureExplosion.swift; sourceTree = "<group>"; };
		70E107C71B2C05C0005ED353 /* Team.swift */ = {isa = PBXFileReference; fileEncoding = 4; lastKnownFileType = sourcecode.swift; path = Team.swift; sourceTree = "<group>"; };
		70E107C81B2C05C0005ED353 /* TestScene.sks */ = {isa = PBXFileReference; lastKnownFileType = file.sks; path = TestScene.sks; sourceTree = "<group>"; };
		70E107C91B2C05C0005ED353 /* TestScene.swift */ = {isa = PBXFileReference; fileEncoding = 4; lastKnownFileType = sourcecode.swift; path = TestScene.swift; sourceTree = "<group>"; };
		70E107CA1B2C05C0005ED353 /* Tutorial.sks */ = {isa = PBXFileReference; lastKnownFileType = file.sks; path = Tutorial.sks; sourceTree = "<group>"; };
		70E107CB1B2C05C0005ED353 /* Tutorial.swift */ = {isa = PBXFileReference; fileEncoding = 4; lastKnownFileType = sourcecode.swift; path = Tutorial.swift; sourceTree = "<group>"; };
		70E107CC1B2C05C0005ED353 /* Wander.swift */ = {isa = PBXFileReference; fileEncoding = 4; lastKnownFileType = sourcecode.swift; path = Wander.swift; sourceTree = "<group>"; };
		70E107CD1B2C05C0005ED353 /* WeaponizedAuto.swift */ = {isa = PBXFileReference; fileEncoding = 4; lastKnownFileType = sourcecode.swift; path = WeaponizedAuto.swift; sourceTree = "<group>"; };
		70E107CE1B2C05C0005ED353 /* World.swift */ = {isa = PBXFileReference; fileEncoding = 4; lastKnownFileType = sourcecode.swift; path = World.swift; sourceTree = "<group>"; };
		70E1080F1B2C05CE005ED353 /* explosionStructureFire.sks */ = {isa = PBXFileReference; lastKnownFileType = file.sks; path = explosionStructureFire.sks; sourceTree = "<group>"; };
		70E108101B2C05CE005ED353 /* explosionStructureSmoke.sks */ = {isa = PBXFileReference; lastKnownFileType = file.sks; path = explosionStructureSmoke.sks; sourceTree = "<group>"; };
		70E108111B2C05CE005ED353 /* Mechanism.swift */ = {isa = PBXFileReference; fileEncoding = 4; lastKnownFileType = sourcecode.swift; path = Mechanism.swift; sourceTree = "<group>"; };
		70E108121B2C05CE005ED353 /* MediumBullet.swift */ = {isa = PBXFileReference; fileEncoding = 4; lastKnownFileType = sourcecode.swift; path = MediumBullet.swift; sourceTree = "<group>"; };
		70E108131B2C05CE005ED353 /* Recharge.swift */ = {isa = PBXFileReference; fileEncoding = 4; lastKnownFileType = sourcecode.swift; path = Recharge.swift; sourceTree = "<group>"; };
		70E108141B2C05CE005ED353 /* rocketTrail.sks */ = {isa = PBXFileReference; lastKnownFileType = file.sks; path = rocketTrail.sks; sourceTree = "<group>"; };
		70E108151B2C05CE005ED353 /* Scout.swift */ = {isa = PBXFileReference; fileEncoding = 4; lastKnownFileType = sourcecode.swift; path = Scout.swift; sourceTree = "<group>"; };
		70E108601B2C08D8005ED353 /* Main.storyboard */ = {isa = PBXFileReference; fileEncoding = 4; lastKnownFileType = file.storyboard; path = Main.storyboard; sourceTree = "<group>"; };
		70E108611B2C08D8005ED353 /* LaunchScreen.xib */ = {isa = PBXFileReference; fileEncoding = 4; lastKnownFileType = file.xib; path = LaunchScreen.xib; sourceTree = "<group>"; };
		70E108641B2C0906005ED353 /* Default-568h@2x.png */ = {isa = PBXFileReference; lastKnownFileType = image.png; path = "Default-568h@2x.png"; sourceTree = "<group>"; };
		70E108661B2C0A27005ED353 /* AppDelegate.swift */ = {isa = PBXFileReference; fileEncoding = 4; lastKnownFileType = sourcecode.swift; path = AppDelegate.swift; sourceTree = "<group>"; };
/* End PBXFileReference section */

/* Begin PBXFrameworksBuildPhase section */
		70E106751B2BF8D1005ED353 /* Frameworks */ = {
			isa = PBXFrameworksBuildPhase;
			buildActionMask = 2147483647;
			files = (
			);
			runOnlyForDeploymentPostprocessing = 0;
		};
		70E1068E1B2BF8D1005ED353 /* Frameworks */ = {
			isa = PBXFrameworksBuildPhase;
			buildActionMask = 2147483647;
			files = (
			);
			runOnlyForDeploymentPostprocessing = 0;
		};
/* End PBXFrameworksBuildPhase section */

/* Begin PBXGroup section */
		701EBDEE1B2D44CB003D5796 /* Medic */ = {
			isa = PBXGroup;
			children = (
				70E107BE1B2C05C0005ED353 /* RepairUnit.swift */,
				70E107B71B2C05C0005ED353 /* MoveToWeakUnit.swift */,
			);
			name = Medic;
			sourceTree = "<group>";
		};
		701EBDEF1B2D44D0003D5796 /* Weaponized */ = {
			isa = PBXGroup;
			children = (
				70E107901B2C05C0005ED353 /* Attack.swift */,
				70E107A61B2C05C0005ED353 /* Guard.swift */,
				70E107B51B2C05C0005ED353 /* MoveToKnownEnemy.swift */,
			);
			name = Weaponized;
			sourceTree = "<group>";
		};
		701EBDF01B2D44EE003D5796 /* Miner */ = {
			isa = PBXGroup;
			children = (
				701EBDF51B2D63DD003D5796 /* DeliverOre.swift */,
				701EBDF31B2D6135003D5796 /* MoveToDeliverOre.swift */,
				70E107B61B2C05C0005ED353 /* MoveToOreDeposit.swift */,
				701EBDF11B2D46ED003D5796 /* MineOre.swift */,
			);
			name = Miner;
			sourceTree = "<group>";
		};
		701EBDF91B2D9593003D5796 /* HQ */ = {
			isa = PBXGroup;
			children = (
				701EBDF71B2D9581003D5796 /* BuildAutos.swift */,
			);
			name = HQ;
			sourceTree = "<group>";
		};
		701EBDFC1B2E3C36003D5796 /* Weaponized */ = {
			isa = PBXGroup;
			children = (
				70E107CD1B2C05C0005ED353 /* WeaponizedAuto.swift */,
				70E1078F1B2C05C0005ED353 /* Artillery.swift */,
				70E107C11B2C05C0005ED353 /* ScatterShot.swift */,
				70E107AE1B2C05C0005ED353 /* MachineGunner.swift */,
				70E107AD1B2C05C0005ED353 /* LightArmor.swift */,
			);
			name = Weaponized;
			sourceTree = "<group>";
		};
		70E1066F1B2BF8D0005ED353 = {
			isa = PBXGroup;
			children = (
				70E108641B2C0906005ED353 /* Default-568h@2x.png */,
				70E1067A1B2BF8D1005ED353 /* Battle Bots */,
				70E106941B2BF8D1005ED353 /* Battle BotsTests */,
				70E106791B2BF8D1005ED353 /* Products */,
			);
			sourceTree = "<group>";
		};
		70E106791B2BF8D1005ED353 /* Products */ = {
			isa = PBXGroup;
			children = (
				70E106781B2BF8D1005ED353 /* Battle Bots.app */,
				70E106911B2BF8D1005ED353 /* Battle BotsTests.xctest */,
			);
			name = Products;
			sourceTree = "<group>";
		};
		70E1067A1B2BF8D1005ED353 /* Battle Bots */ = {
			isa = PBXGroup;
			children = (
				70E108661B2C0A27005ED353 /* AppDelegate.swift */,
				70E107A41B2C05C0005ED353 /* GameViewController.swift */,
				70E107941B2C05C0005ED353 /* Boundary.swift */,
				70E107A51B2C05C0005ED353 /* General.swift */,
				70E107A91B2C05C0005ED353 /* HealthBar.swift */,
				70E107BA1B2C05C0005ED353 /* OreDeposit.swift */,
				70E107C71B2C05C0005ED353 /* Team.swift */,
				70E107CE1B2C05C0005ED353 /* World.swift */,
				70E1081E1B2C0606005ED353 /* AI */,
				70E1081D1B2C05FF005ED353 /* UI */,
				70E1081F1B2C0617005ED353 /* Particle Files */,
				70E108241B2C067E005ED353 /* Projectiles */,
				70E108231B2C066C005ED353 /* Explosions */,
				70E108201B2C0646005ED353 /* Mechanisms */,
				70E108261B2C072F005ED353 /* Scenes */,
				70E107AA1B2C05C0005ED353 /* Images.xcassets */,
				70E108601B2C08D8005ED353 /* Main.storyboard */,
				70E108611B2C08D8005ED353 /* LaunchScreen.xib */,
				70E107931B2C05C0005ED353 /* Base.lproj */,
			);
			path = "Battle Bots";
			sourceTree = "<group>";
		};
		70E106941B2BF8D1005ED353 /* Battle BotsTests */ = {
			isa = PBXGroup;
			children = (
				70E106971B2BF8D1005ED353 /* Battle_BotsTests.swift */,
				70E106951B2BF8D1005ED353 /* Supporting Files */,
			);
			path = "Battle BotsTests";
			sourceTree = "<group>";
		};
		70E106951B2BF8D1005ED353 /* Supporting Files */ = {
			isa = PBXGroup;
			children = (
				70E106961B2BF8D1005ED353 /* Info.plist */,
			);
			name = "Supporting Files";
			sourceTree = "<group>";
		};
		70E1081D1B2C05FF005ED353 /* UI */ = {
			isa = PBXGroup;
			children = (
				70E107991B2C05C0005ED353 /* Button.swift */,
				70E1079C1B2C05C0005ED353 /* DoorTransition.swift */,
			);
			name = UI;
			sourceTree = "<group>";
		};
		70E1081E1B2C0606005ED353 /* AI */ = {
			isa = PBXGroup;
			children = (
				70E107A21B2C05C0005ED353 /* FSM.swift */,
				70E108251B2C069A005ED353 /* States */,
			);
			name = AI;
			sourceTree = "<group>";
		};
		70E1081F1B2C0617005ED353 /* Particle Files */ = {
			isa = PBXGroup;
			children = (
				70E108141B2C05CE005ED353 /* rocketTrail.sks */,
				70E1080F1B2C05CE005ED353 /* explosionStructureFire.sks */,
				70E108101B2C05CE005ED353 /* explosionStructureSmoke.sks */,
				70E107971B2C05C0005ED353 /* bulletTrail.sks */,
				70E107981B2C05C0005ED353 /* bulletTrailSmall.sks */,
				70E1079D1B2C05C0005ED353 /* drillSparks.sks */,
				70E1079F1B2C05C0005ED353 /* explosionAutoFire.sks */,
				70E107A01B2C05C0005ED353 /* explosionAutoSmoke.sks */,
				70E107A11B2C05C0005ED353 /* explosionBulletSmoke.sks */,
				70E107C31B2C05C0005ED353 /* spark.png */,
			);
			name = "Particle Files";
			sourceTree = "<group>";
		};
		70E108201B2C0646005ED353 /* Mechanisms */ = {
			isa = PBXGroup;
			children = (
				70E108111B2C05CE005ED353 /* Mechanism.swift */,
				70E107AF1B2C05C0005ED353 /* MechanismAspects.swift */,
				70E108221B2C0662005ED353 /* Structure */,
				70E108211B2C0652005ED353 /* Autos */,
			);
			name = Mechanisms;
			sourceTree = "<group>";
		};
		70E108211B2C0652005ED353 /* Autos */ = {
			isa = PBXGroup;
			children = (
				70E107911B2C05C0005ED353 /* Auto.swift */,
				70E108151B2C05CE005ED353 /* Scout.swift */,
				701EBDFA1B2E3A9A003D5796 /* Engineer.swift */,
				70E107B01B2C05C0005ED353 /* Medic.swift */,
				70E107B31B2C05C0005ED353 /* Miner.swift */,
				701EBDFC1B2E3C36003D5796 /* Weaponized */,
			);
			name = Autos;
			sourceTree = "<group>";
		};
		70E108221B2C0662005ED353 /* Structure */ = {
			isa = PBXGroup;
			children = (
				70E107C51B2C05C0005ED353 /* Structure.swift */,
				70E107961B2C05C0005ED353 /* BulletGuardTurret.swift */,
				70E107A71B2C05C0005ED353 /* GuardTurret.swift */,
				70E107A81B2C05C0005ED353 /* Headquarters.swift */,
				70E1079A1B2C05C0005ED353 /* ChargingStation.swift */,
				70E107BD1B2C05C0005ED353 /* RepairStation.swift */,
			);
			name = Structure;
			sourceTree = "<group>";
		};
		70E108231B2C066C005ED353 /* Explosions */ = {
			isa = PBXGroup;
			children = (
				70E107C61B2C05C0005ED353 /* StructureExplosion.swift */,
				70E107C01B2C05C0005ED353 /* RocketExplosion.swift */,
				70E1079E1B2C05C0005ED353 /* Explosion.swift */,
				70E107921B2C05C0005ED353 /* AutoExplosion.swift */,
				70E107951B2C05C0005ED353 /* BulletExplosion.swift */,
				70E1079B1B2C05C0005ED353 /* DamageExplosion.swift */,
			);
			name = Explosions;
			sourceTree = "<group>";
		};
		70E108241B2C067E005ED353 /* Projectiles */ = {
			isa = PBXGroup;
			children = (
				70E107BB1B2C05C0005ED353 /* Projectile.swift */,
				70E107BF1B2C05C0005ED353 /* Rocket.swift */,
				70E107C21B2C05C0005ED353 /* SmallBullet.swift */,
				70E108121B2C05CE005ED353 /* MediumBullet.swift */,
			);
			name = Projectiles;
			sourceTree = "<group>";
		};
		70E108251B2C069A005ED353 /* States */ = {
			isa = PBXGroup;
			children = (
				70E107C41B2C05C0005ED353 /* State.swift */,
				70E107BC1B2C05C0005ED353 /* Repairing.swift */,
				70E107CC1B2C05C0005ED353 /* Wander.swift */,
				70E108131B2C05CE005ED353 /* Recharge.swift */,
				70E107B41B2C05C0005ED353 /* MoveToHQ.swift */,
				70E107B81B2C05C0005ED353 /* NeedCharge.swift */,
				70E107B91B2C05C0005ED353 /* NeedRepair.swift */,
				701EBDF91B2D9593003D5796 /* HQ */,
				701EBDEF1B2D44D0003D5796 /* Weaponized */,
				701EBDEE1B2D44CB003D5796 /* Medic */,
				701EBDF01B2D44EE003D5796 /* Miner */,
			);
			name = States;
			sourceTree = "<group>";
		};
		70E108261B2C072F005ED353 /* Scenes */ = {
			isa = PBXGroup;
			children = (
				70E107C91B2C05C0005ED353 /* TestScene.swift */,
				70E107CB1B2C05C0005ED353 /* Tutorial.swift */,
				70E108271B2C0749005ED353 /* SKS Files */,
				70E107AC1B2C05C0005ED353 /* LevelSelectScene.swift */,
				70E107B21B2C05C0005ED353 /* MenuScene.swift */,
				70E107A31B2C05C0005ED353 /* GameScene.swift */,
			);
			name = Scenes;
			sourceTree = "<group>";
		};
		70E108271B2C0749005ED353 /* SKS Files */ = {
			isa = PBXGroup;
			children = (
				70E107AB1B2C05C0005ED353 /* LevelSelectScene.sks */,
				70E107B11B2C05C0005ED353 /* MenuScene.sks */,
				70E107C81B2C05C0005ED353 /* TestScene.sks */,
				70E107CA1B2C05C0005ED353 /* Tutorial.sks */,
			);
			name = "SKS Files";
			sourceTree = "<group>";
		};
/* End PBXGroup section */

/* Begin PBXNativeTarget section */
		70E106771B2BF8D1005ED353 /* Battle Bots */ = {
			isa = PBXNativeTarget;
			buildConfigurationList = 70E1069B1B2BF8D1005ED353 /* Build configuration list for PBXNativeTarget "Battle Bots" */;
			buildPhases = (
				70E106741B2BF8D1005ED353 /* Sources */,
				70E106751B2BF8D1005ED353 /* Frameworks */,
				70E106761B2BF8D1005ED353 /* Resources */,
			);
			buildRules = (
			);
			dependencies = (
			);
			name = "Battle Bots";
			productName = "Battle Bots";
			productReference = 70E106781B2BF8D1005ED353 /* Battle Bots.app */;
			productType = "com.apple.product-type.application";
		};
		70E106901B2BF8D1005ED353 /* Battle BotsTests */ = {
			isa = PBXNativeTarget;
			buildConfigurationList = 70E1069E1B2BF8D1005ED353 /* Build configuration list for PBXNativeTarget "Battle BotsTests" */;
			buildPhases = (
				70E1068D1B2BF8D1005ED353 /* Sources */,
				70E1068E1B2BF8D1005ED353 /* Frameworks */,
				70E1068F1B2BF8D1005ED353 /* Resources */,
			);
			buildRules = (
			);
			dependencies = (
				70E106931B2BF8D1005ED353 /* PBXTargetDependency */,
			);
			name = "Battle BotsTests";
			productName = "Battle BotsTests";
			productReference = 70E106911B2BF8D1005ED353 /* Battle BotsTests.xctest */;
			productType = "com.apple.product-type.bundle.unit-test";
		};
/* End PBXNativeTarget section */

/* Begin PBXProject section */
		70E106701B2BF8D0005ED353 /* Project object */ = {
			isa = PBXProject;
			attributes = {
				LastUpgradeCheck = 0630;
				ORGANIZATIONNAME = "Alec Shedelbower";
				TargetAttributes = {
					70E106771B2BF8D1005ED353 = {
						CreatedOnToolsVersion = 6.3.2;
					};
					70E106901B2BF8D1005ED353 = {
						CreatedOnToolsVersion = 6.3.2;
						TestTargetID = 70E106771B2BF8D1005ED353;
					};
				};
			};
			buildConfigurationList = 70E106731B2BF8D0005ED353 /* Build configuration list for PBXProject "Battle Bots" */;
			compatibilityVersion = "Xcode 3.2";
			developmentRegion = English;
			hasScannedForEncodings = 0;
			knownRegions = (
				en,
				Base,
			);
			mainGroup = 70E1066F1B2BF8D0005ED353;
			productRefGroup = 70E106791B2BF8D1005ED353 /* Products */;
			projectDirPath = "";
			projectRoot = "";
			targets = (
				70E106771B2BF8D1005ED353 /* Battle Bots */,
				70E106901B2BF8D1005ED353 /* Battle BotsTests */,
			);
		};
/* End PBXProject section */

/* Begin PBXResourcesBuildPhase section */
		70E106761B2BF8D1005ED353 /* Resources */ = {
			isa = PBXResourcesBuildPhase;
			buildActionMask = 2147483647;
			files = (
				70E1080A1B2C05C0005ED353 /* Tutorial.sks in Resources */,
				70E107D71B2C05C0005ED353 /* bulletTrail.sks in Resources */,
				70E107EA1B2C05C0005ED353 /* Images.xcassets in Resources */,
				70E107DD1B2C05C0005ED353 /* drillSparks.sks in Resources */,
				70E107E01B2C05C0005ED353 /* explosionAutoSmoke.sks in Resources */,
				70E107E11B2C05C0005ED353 /* explosionBulletSmoke.sks in Resources */,
				70E107EB1B2C05C0005ED353 /* LevelSelectScene.sks in Resources */,
				70E1081B1B2C05CE005ED353 /* rocketTrail.sks in Resources */,
				70E108031B2C05C0005ED353 /* spark.png in Resources */,
				70E108631B2C08D8005ED353 /* LaunchScreen.xib in Resources */,
				70E108161B2C05CE005ED353 /* explosionStructureFire.sks in Resources */,
				70E108621B2C08D8005ED353 /* Main.storyboard in Resources */,
				70E108651B2C0906005ED353 /* Default-568h@2x.png in Resources */,
				70E107D31B2C05C0005ED353 /* Base.lproj in Resources */,
				70E108081B2C05C0005ED353 /* TestScene.sks in Resources */,
				70E108171B2C05CE005ED353 /* explosionStructureSmoke.sks in Resources */,
				70E107D81B2C05C0005ED353 /* bulletTrailSmall.sks in Resources */,
				70E107DF1B2C05C0005ED353 /* explosionAutoFire.sks in Resources */,
				70E107F11B2C05C0005ED353 /* MenuScene.sks in Resources */,
			);
			runOnlyForDeploymentPostprocessing = 0;
		};
		70E1068F1B2BF8D1005ED353 /* Resources */ = {
			isa = PBXResourcesBuildPhase;
			buildActionMask = 2147483647;
			files = (
			);
			runOnlyForDeploymentPostprocessing = 0;
		};
/* End PBXResourcesBuildPhase section */

/* Begin PBXSourcesBuildPhase section */
		70E106741B2BF8D1005ED353 /* Sources */ = {
			isa = PBXSourcesBuildPhase;
			buildActionMask = 2147483647;
			files = (
				70E107F31B2C05C0005ED353 /* Miner.swift in Sources */,
				70E107F01B2C05C0005ED353 /* Medic.swift in Sources */,
				70E107FC1B2C05C0005ED353 /* Repairing.swift in Sources */,
				70E107E41B2C05C0005ED353 /* GameViewController.swift in Sources */,
				70E108191B2C05CE005ED353 /* MediumBullet.swift in Sources */,
				70E107D11B2C05C0005ED353 /* Auto.swift in Sources */,
				70E108181B2C05CE005ED353 /* Mechanism.swift in Sources */,
				701EBDF81B2D9581003D5796 /* BuildAutos.swift in Sources */,
				70E107F41B2C05C0005ED353 /* MoveToHQ.swift in Sources */,
				70E108041B2C05C0005ED353 /* State.swift in Sources */,
				70E107D41B2C05C0005ED353 /* Boundary.swift in Sources */,
				70E107E61B2C05C0005ED353 /* Guard.swift in Sources */,
				70E107F81B2C05C0005ED353 /* NeedCharge.swift in Sources */,
				70E107E81B2C05C0005ED353 /* Headquarters.swift in Sources */,
				70E108051B2C05C0005ED353 /* Structure.swift in Sources */,
				70E107E71B2C05C0005ED353 /* GuardTurret.swift in Sources */,
				70E107E91B2C05C0005ED353 /* HealthBar.swift in Sources */,
				70E1081A1B2C05CE005ED353 /* Recharge.swift in Sources */,
				70E107CF1B2C05C0005ED353 /* Artillery.swift in Sources */,
				70E107F61B2C05C0005ED353 /* MoveToOreDeposit.swift in Sources */,
				70E107DC1B2C05C0005ED353 /* DoorTransition.swift in Sources */,
				70E108071B2C05C0005ED353 /* Team.swift in Sources */,
				70E107E51B2C05C0005ED353 /* General.swift in Sources */,
				70E107F91B2C05C0005ED353 /* NeedRepair.swift in Sources */,
				70E1080B1B2C05C0005ED353 /* Tutorial.swift in Sources */,
				70E108061B2C05C0005ED353 /* StructureExplosion.swift in Sources */,
				70E107FF1B2C05C0005ED353 /* Rocket.swift in Sources */,
				701EBDF41B2D6135003D5796 /* MoveToDeliverOre.swift in Sources */,
				70E107DB1B2C05C0005ED353 /* DamageExplosion.swift in Sources */,
				70E107ED1B2C05C0005ED353 /* LightArmor.swift in Sources */,
				70E107D91B2C05C0005ED353 /* Button.swift in Sources */,
				70E107E31B2C05C0005ED353 /* GameScene.swift in Sources */,
				70E108001B2C05C0005ED353 /* RocketExplosion.swift in Sources */,
				70E108011B2C05C0005ED353 /* ScatterShot.swift in Sources */,
				70E108671B2C0A27005ED353 /* AppDelegate.swift in Sources */,
				70E107DA1B2C05C0005ED353 /* ChargingStation.swift in Sources */,
				70E108021B2C05C0005ED353 /* SmallBullet.swift in Sources */,
				70E107D01B2C05C0005ED353 /* Attack.swift in Sources */,
				70E107FD1B2C05C0005ED353 /* RepairStation.swift in Sources */,
				70E1080E1B2C05C0005ED353 /* World.swift in Sources */,
				70E107D61B2C05C0005ED353 /* BulletGuardTurret.swift in Sources */,
				70E1080D1B2C05C0005ED353 /* WeaponizedAuto.swift in Sources */,
				70E108091B2C05C0005ED353 /* TestScene.swift in Sources */,
				70E107E21B2C05C0005ED353 /* FSM.swift in Sources */,
				70E107D51B2C05C0005ED353 /* BulletExplosion.swift in Sources */,
				70E107F51B2C05C0005ED353 /* MoveToKnownEnemy.swift in Sources */,
				701EBDF61B2D63DD003D5796 /* DeliverOre.swift in Sources */,
				70E107F21B2C05C0005ED353 /* MenuScene.swift in Sources */,
				70E1081C1B2C05CE005ED353 /* Scout.swift in Sources */,
				70E107D21B2C05C0005ED353 /* AutoExplosion.swift in Sources */,
				70E107EC1B2C05C0005ED353 /* LevelSelectScene.swift in Sources */,
				701EBDFB1B2E3A9A003D5796 /* Engineer.swift in Sources */,
				701EBDF21B2D46ED003D5796 /* MineOre.swift in Sources */,
				70E107FB1B2C05C0005ED353 /* Projectile.swift in Sources */,
				70E107EF1B2C05C0005ED353 /* MechanismAspects.swift in Sources */,
				70E107EE1B2C05C0005ED353 /* MachineGunner.swift in Sources */,
				70E107FE1B2C05C0005ED353 /* RepairUnit.swift in Sources */,
				70E107DE1B2C05C0005ED353 /* Explosion.swift in Sources */,
				70E107F71B2C05C0005ED353 /* MoveToWeakUnit.swift in Sources */,
				70E107FA1B2C05C0005ED353 /* OreDeposit.swift in Sources */,
				70E1080C1B2C05C0005ED353 /* Wander.swift in Sources */,
			);
			runOnlyForDeploymentPostprocessing = 0;
		};
		70E1068D1B2BF8D1005ED353 /* Sources */ = {
			isa = PBXSourcesBuildPhase;
			buildActionMask = 2147483647;
			files = (
				70E106981B2BF8D1005ED353 /* Battle_BotsTests.swift in Sources */,
			);
			runOnlyForDeploymentPostprocessing = 0;
		};
/* End PBXSourcesBuildPhase section */

/* Begin PBXTargetDependency section */
		70E106931B2BF8D1005ED353 /* PBXTargetDependency */ = {
			isa = PBXTargetDependency;
			target = 70E106771B2BF8D1005ED353 /* Battle Bots */;
			targetProxy = 70E106921B2BF8D1005ED353 /* PBXContainerItemProxy */;
		};
/* End PBXTargetDependency section */

/* Begin XCBuildConfiguration section */
		70E106991B2BF8D1005ED353 /* Debug */ = {
			isa = XCBuildConfiguration;
			buildSettings = {
				ALWAYS_SEARCH_USER_PATHS = NO;
				CLANG_CXX_LANGUAGE_STANDARD = "gnu++0x";
				CLANG_CXX_LIBRARY = "libc++";
				CLANG_ENABLE_MODULES = YES;
				CLANG_ENABLE_OBJC_ARC = YES;
				CLANG_WARN_BOOL_CONVERSION = YES;
				CLANG_WARN_CONSTANT_CONVERSION = YES;
				CLANG_WARN_DIRECT_OBJC_ISA_USAGE = YES_ERROR;
				CLANG_WARN_EMPTY_BODY = YES;
				CLANG_WARN_ENUM_CONVERSION = YES;
				CLANG_WARN_INT_CONVERSION = YES;
				CLANG_WARN_OBJC_ROOT_CLASS = YES_ERROR;
				CLANG_WARN_UNREACHABLE_CODE = YES;
				CLANG_WARN__DUPLICATE_METHOD_MATCH = YES;
				"CODE_SIGN_IDENTITY[sdk=iphoneos*]" = "iPhone Developer";
				COPY_PHASE_STRIP = NO;
				DEBUG_INFORMATION_FORMAT = "dwarf-with-dsym";
				ENABLE_STRICT_OBJC_MSGSEND = YES;
				GCC_C_LANGUAGE_STANDARD = gnu99;
				GCC_DYNAMIC_NO_PIC = NO;
				GCC_NO_COMMON_BLOCKS = YES;
				GCC_OPTIMIZATION_LEVEL = 0;
				GCC_PREPROCESSOR_DEFINITIONS = (
					"DEBUG=1",
					"$(inherited)",
				);
				GCC_SYMBOLS_PRIVATE_EXTERN = NO;
				GCC_WARN_64_TO_32_BIT_CONVERSION = YES;
				GCC_WARN_ABOUT_RETURN_TYPE = YES_ERROR;
				GCC_WARN_UNDECLARED_SELECTOR = YES;
				GCC_WARN_UNINITIALIZED_AUTOS = YES_AGGRESSIVE;
				GCC_WARN_UNUSED_FUNCTION = YES;
				GCC_WARN_UNUSED_VARIABLE = YES;
				IPHONEOS_DEPLOYMENT_TARGET = 8.3;
				MTL_ENABLE_DEBUG_INFO = YES;
				ONLY_ACTIVE_ARCH = YES;
				SDKROOT = iphoneos;
				SWIFT_OPTIMIZATION_LEVEL = "-Onone";
			};
			name = Debug;
		};
		70E1069A1B2BF8D1005ED353 /* Release */ = {
			isa = XCBuildConfiguration;
			buildSettings = {
				ALWAYS_SEARCH_USER_PATHS = NO;
				CLANG_CXX_LANGUAGE_STANDARD = "gnu++0x";
				CLANG_CXX_LIBRARY = "libc++";
				CLANG_ENABLE_MODULES = YES;
				CLANG_ENABLE_OBJC_ARC = YES;
				CLANG_WARN_BOOL_CONVERSION = YES;
				CLANG_WARN_CONSTANT_CONVERSION = YES;
				CLANG_WARN_DIRECT_OBJC_ISA_USAGE = YES_ERROR;
				CLANG_WARN_EMPTY_BODY = YES;
				CLANG_WARN_ENUM_CONVERSION = YES;
				CLANG_WARN_INT_CONVERSION = YES;
				CLANG_WARN_OBJC_ROOT_CLASS = YES_ERROR;
				CLANG_WARN_UNREACHABLE_CODE = YES;
				CLANG_WARN__DUPLICATE_METHOD_MATCH = YES;
				"CODE_SIGN_IDENTITY[sdk=iphoneos*]" = "iPhone Developer";
				COPY_PHASE_STRIP = NO;
				DEBUG_INFORMATION_FORMAT = "dwarf-with-dsym";
				ENABLE_NS_ASSERTIONS = NO;
				ENABLE_STRICT_OBJC_MSGSEND = YES;
				GCC_C_LANGUAGE_STANDARD = gnu99;
				GCC_NO_COMMON_BLOCKS = YES;
				GCC_WARN_64_TO_32_BIT_CONVERSION = YES;
				GCC_WARN_ABOUT_RETURN_TYPE = YES_ERROR;
				GCC_WARN_UNDECLARED_SELECTOR = YES;
				GCC_WARN_UNINITIALIZED_AUTOS = YES_AGGRESSIVE;
				GCC_WARN_UNUSED_FUNCTION = YES;
				GCC_WARN_UNUSED_VARIABLE = YES;
				IPHONEOS_DEPLOYMENT_TARGET = 8.3;
				MTL_ENABLE_DEBUG_INFO = NO;
				SDKROOT = iphoneos;
				VALIDATE_PRODUCT = YES;
			};
			name = Release;
		};
		70E1069C1B2BF8D1005ED353 /* Debug */ = {
			isa = XCBuildConfiguration;
			buildSettings = {
				ASSETCATALOG_COMPILER_APPICON_NAME = AppIcon;
				INFOPLIST_FILE = "$(SRCROOT)/Battle Bots/Base.lproj/Battle Bots/Info.plist";
				LD_RUNPATH_SEARCH_PATHS = "$(inherited) @executable_path/Frameworks";
				PRODUCT_NAME = "$(TARGET_NAME)";
			};
			name = Debug;
		};
		70E1069D1B2BF8D1005ED353 /* Release */ = {
			isa = XCBuildConfiguration;
			buildSettings = {
				ASSETCATALOG_COMPILER_APPICON_NAME = AppIcon;
				INFOPLIST_FILE = "$(SRCROOT)/Battle Bots/Base.lproj/Battle Bots/Info.plist";
				LD_RUNPATH_SEARCH_PATHS = "$(inherited) @executable_path/Frameworks";
				PRODUCT_NAME = "$(TARGET_NAME)";
			};
			name = Release;
		};
		70E1069F1B2BF8D1005ED353 /* Debug */ = {
			isa = XCBuildConfiguration;
			buildSettings = {
				BUNDLE_LOADER = "$(TEST_HOST)";
				FRAMEWORK_SEARCH_PATHS = (
					"$(SDKROOT)/Developer/Library/Frameworks",
					"$(inherited)",
				);
				GCC_PREPROCESSOR_DEFINITIONS = (
					"DEBUG=1",
					"$(inherited)",
				);
				INFOPLIST_FILE = "Battle BotsTests/Info.plist";
				LD_RUNPATH_SEARCH_PATHS = "$(inherited) @executable_path/Frameworks @loader_path/Frameworks";
				PRODUCT_NAME = "$(TARGET_NAME)";
				TEST_HOST = "$(BUILT_PRODUCTS_DIR)/Battle Bots.app/Battle Bots";
			};
			name = Debug;
		};
		70E106A01B2BF8D1005ED353 /* Release */ = {
			isa = XCBuildConfiguration;
			buildSettings = {
				BUNDLE_LOADER = "$(TEST_HOST)";
				FRAMEWORK_SEARCH_PATHS = (
					"$(SDKROOT)/Developer/Library/Frameworks",
					"$(inherited)",
				);
				INFOPLIST_FILE = "Battle BotsTests/Info.plist";
				LD_RUNPATH_SEARCH_PATHS = "$(inherited) @executable_path/Frameworks @loader_path/Frameworks";
				PRODUCT_NAME = "$(TARGET_NAME)";
				TEST_HOST = "$(BUILT_PRODUCTS_DIR)/Battle Bots.app/Battle Bots";
			};
			name = Release;
		};
/* End XCBuildConfiguration section */

/* Begin XCConfigurationList section */
		70E106731B2BF8D0005ED353 /* Build configuration list for PBXProject "Battle Bots" */ = {
			isa = XCConfigurationList;
			buildConfigurations = (
				70E106991B2BF8D1005ED353 /* Debug */,
				70E1069A1B2BF8D1005ED353 /* Release */,
			);
			defaultConfigurationIsVisible = 0;
			defaultConfigurationName = Release;
		};
		70E1069B1B2BF8D1005ED353 /* Build configuration list for PBXNativeTarget "Battle Bots" */ = {
			isa = XCConfigurationList;
			buildConfigurations = (
				70E1069C1B2BF8D1005ED353 /* Debug */,
				70E1069D1B2BF8D1005ED353 /* Release */,
			);
			defaultConfigurationIsVisible = 0;
			defaultConfigurationName = Release;
		};
		70E1069E1B2BF8D1005ED353 /* Build configuration list for PBXNativeTarget "Battle BotsTests" */ = {
			isa = XCConfigurationList;
			buildConfigurations = (
				70E1069F1B2BF8D1005ED353 /* Debug */,
				70E106A01B2BF8D1005ED353 /* Release */,
			);
			defaultConfigurationIsVisible = 0;
			defaultConfigurationName = Release;
		};
/* End XCConfigurationList section */
	};
	rootObject = 70E106701B2BF8D0005ED353 /* Project object */;
}
